<?xml version="1.0" encoding="utf-8"?>
<Project ToolsVersion="4.0" xmlns="http://schemas.microsoft.com/developer/msbuild/2003">
  <ItemGroup>
    <Filter Include="src">
      <UniqueIdentifier>{2DAB880B-99B4-887C-2230-9F7C8E38947C}</UniqueIdentifier>
    </Filter>
    <Filter Include="src\Data Structures">
      <UniqueIdentifier>{1A6D9C1F-86CE-792D-0F3C-C0DF7B9CB0EC}</UniqueIdentifier>
    </Filter>
    <Filter Include="src\Layers">
      <UniqueIdentifier>{4C4DA51D-3805-E76A-A10C-C0C68DE3815B}</UniqueIdentifier>
    </Filter>
    <Filter Include="src\Wrapper">
      <UniqueIdentifier>{FDF70A47-69AD-833C-F2A1-7D135E567A40}</UniqueIdentifier>
    </Filter>
    <Filter Include="src\backend">
      <UniqueIdentifier>{0427456E-70DC-BD63-F9D0-B73A6585B467}</UniqueIdentifier>
    </Filter>
    <Filter Include="src\backend\buffers">
      <UniqueIdentifier>{A042AA9A-0CA4-87A8-9511-CE5A0172BE67}</UniqueIdentifier>
    </Filter>
    <Filter Include="src\backend\data">
      <UniqueIdentifier>{0D2B7527-F923-9479-2256-79FE0EAE7385}</UniqueIdentifier>
    </Filter>
    <Filter Include="src\backend\device">
      <UniqueIdentifier>{43CCB5D9-2FB0-762F-9810-7182841361B1}</UniqueIdentifier>
    </Filter>
    <Filter Include="src\backend\extensions">
      <UniqueIdentifier>{C31D34D4-AF17-5D26-9884-F336841DC392}</UniqueIdentifier>
    </Filter>
    <Filter Include="src\backend\instance">
      <UniqueIdentifier>{88E2356A-7471-BF33-1D90-D32E09FECFD9}</UniqueIdentifier>
    </Filter>
    <Filter Include="src\backend\loader">
      <UniqueIdentifier>{6A6D08ED-5651-C942-BFB1-C395ABB4B3C4}</UniqueIdentifier>
    </Filter>
    <Filter Include="src\backend\others">
      <UniqueIdentifier>{683E66F4-5422-274A-BD82-219DA98511CC}</UniqueIdentifier>
    </Filter>
    <Filter Include="src\backend\pipeline">
      <UniqueIdentifier>{C98F1657-B51E-A020-5E3D-B41B4AABB0C6}</UniqueIdentifier>
    </Filter>
    <Filter Include="src\backend\queues">
      <UniqueIdentifier>{6B4521F9-5729-E24E-C089-DCA1AC8CCCD0}</UniqueIdentifier>
    </Filter>
    <Filter Include="src\backend\swapchain">
      <UniqueIdentifier>{91105319-FD7C-0E14-C670-A671329C307C}</UniqueIdentifier>
    </Filter>
    <Filter Include="src\backend\texture">
      <UniqueIdentifier>{84A83DE0-F009-1BEE-7977-61A0E5D751AD}</UniqueIdentifier>
    </Filter>
    <Filter Include="src\backend\validators">
      <UniqueIdentifier>{2C9F005B-1899-29AD-0106-C0BDED9E8F19}</UniqueIdentifier>
    </Filter>
    <Filter Include="src\backend\validators\debugger">
      <UniqueIdentifier>{204F57F5-8C32-6635-9535-947101982C86}</UniqueIdentifier>
    </Filter>
  </ItemGroup>
  <ItemGroup>
    <ClInclude Include="src\Data Structures\index.h">
      <Filter>src\Data Structures</Filter>
    </ClInclude>
    <ClInclude Include="src\Data Structures\vertex.h">
      <Filter>src\Data Structures</Filter>
    </ClInclude>
    <ClInclude Include="src\Layers\layer.h">
      <Filter>src\Layers</Filter>
    </ClInclude>
    <ClInclude Include="src\Layers\layerStack.h">
      <Filter>src\Layers</Filter>
    </ClInclude>
    <ClInclude Include="src\Renderer.h">
      <Filter>src</Filter>
    </ClInclude>
    <ClInclude Include="src\Wrapper\dll_wrapper.h">
      <Filter>src\Wrapper</Filter>
    </ClInclude>
    <ClInclude Include="src\Wrapper\internal_wrapper.h">
      <Filter>src\Wrapper</Filter>
    </ClInclude>
    <ClInclude Include="src\adgrafx.h">
      <Filter>src</Filter>
    </ClInclude>
    <ClInclude Include="src\backend\defines.h">
      <Filter>src\backend</Filter>
    </ClInclude>
    <ClInclude Include="src\backend\interface.h">
      <Filter>src\backend</Filter>
    </ClInclude>
    <ClInclude Include="src\backend\vulkan\ADGR_Vulkan_API.h" />
    <ClInclude Include="src\backend\vulkan\Renderer\core\core\Buffer.h" />
    <ClInclude Include="src\backend\vulkan\Renderer\core\core\Core.h" />
    <ClInclude Include="src\backend\vulkan\Renderer\core\core\Device.h" />
    <ClInclude Include="src\backend\vulkan\Renderer\core\core\Instance.h" />
    <ClInclude Include="src\backend\vulkan\Renderer\core\core\Model.h" />
    <ClInclude Include="src\backend\vulkan\Renderer\core\core\Pipeline.h" />
    <ClInclude Include="src\backend\vulkan\Renderer\core\core\Shader.h" />
    <ClInclude Include="src\backend\vulkan\Renderer\core\core\SwapChain.h" />
    <ClInclude Include="src\backend\vulkan\Renderer\core\core\Texture.h" />
    <ClInclude Include="src\backend\vulkan\Renderer\core\core\Window.h" />
    <ClInclude Include="src\backend\vulkan\Renderer\core\data structures\mesh.h" />
    <ClInclude Include="src\backend\vulkan\Renderer\core\data structures\Uniform.h" />
    <ClInclude Include="src\backend\vulkan\Renderer\core\data structures\vertex.h" />
    <ClInclude Include="src\backend\vulkan\Renderer\core\data structures\vulkan.h" />
    <ClInclude Include="src\backend\vulkan\Renderer\core\data types\typenames.h" />
    <ClInclude Include="src\backend\vulkan\Renderer\core\extensions\extensions.h" />
    <ClInclude Include="src\backend\vulkan\Renderer\core\functions\bufferFunctions.h" />
    <ClInclude Include="src\backend\vulkan\Renderer\core\functions\textureFunctions.h" />
    <ClInclude Include="src\backend\vulkan\Renderer\core\others\semaphores.h" />
    <ClInclude Include="src\backend\vulkan\Renderer\core\others\syncObjects.h" />
    <ClInclude Include="src\backend\vulkan\Renderer\core\queues\queues.h" />
    <ClInclude Include="src\backend\vulkan\Renderer\core\validators\debugger\debugger.h" />
    <ClInclude Include="src\backend\vulkan\Renderer\core\validators\validators.h" />
    <ClInclude Include="src\backend\vulkan\Renderer\core\backend.h" />
    <ClInclude Include="src\backend\vulkan\Renderer\core\colorBuffer.h" />
    <ClInclude Include="src\backend\vulkan\Renderer\core\commandBuffer.h" />
    <ClInclude Include="src\backend\vulkan\Renderer\core\controlHeader.h" />
    <ClInclude Include="src\backend\vulkan\Renderer\core\depthBuffer.h" />
    <ClInclude Include="src\backend\vulkan\Renderer\core\device.h" />
    <ClInclude Include="src\backend\vulkan\Renderer\core\frameBuffer.h" />
    <ClInclude Include="src\backend\vulkan\Renderer\core\indexBuffer.h" />
    <ClInclude Include="src\backend\vulkan\Renderer\core\instance.h" />
    <ClInclude Include="src\backend\vulkan\Renderer\core\modelManager.h" />
    <ClInclude Include="src\backend\vulkan\Renderer\core\pipeline.h" />
    <ClInclude Include="src\backend\vulkan\Renderer\core\shader.h" />
    <ClInclude Include="src\backend\vulkan\Renderer\core\swapChain.h" />
    <ClInclude Include="src\backend\vulkan\Renderer\core\texture.h" />
    <ClInclude Include="src\backend\vulkan\Renderer\core\uniformBuffer.h" />
    <ClInclude Include="src\backend\vulkan\Renderer\core\vertexBuffer.h" />
    <ClInclude Include="src\backend\vulkan\Renderer\core\window.h" />
    <ClInclude Include="src\backend\vulkan\Renderer\vulkanRenderer.h" />
  </ItemGroup>
  <ItemGroup>
    <ClCompile Include="main.cpp" />
    <ClCompile Include="src\Layers\layer.cpp">
      <Filter>src\Layers</Filter>
    </ClCompile>
    <ClCompile Include="src\Layers\layerStack.cpp">
      <Filter>src\Layers</Filter>
    </ClCompile>
    <ClCompile Include="src\Renderer.cpp">
      <Filter>src</Filter>
    </ClCompile>
    <ClCompile Include="src\Wrapper\dll_wrapper.cpp">
      <Filter>src\Wrapper</Filter>
    </ClCompile>
    <ClCompile Include="src\Wrapper\internal_wrapper.cpp">
      <Filter>src\Wrapper</Filter>
    </ClCompile>
    <ClCompile Include="src\adgrafx.cpp">
      <Filter>src</Filter>
    </ClCompile>
    <ClCompile Include="src\backend\vulkan\Renderer\core\core\Core.cpp" />
    <ClCompile Include="src\backend\vulkan\Renderer\core\data structures\vertex.cpp" />
    <ClCompile Include="src\backend\vulkan\Renderer\core\extensions\extensions.cpp" />
    <ClCompile Include="src\backend\vulkan\Renderer\core\functions\bufferFunctions.cpp" />
    <ClCompile Include="src\backend\vulkan\Renderer\core\functions\textureFunctions.cpp" />
    <ClCompile Include="src\backend\vulkan\Renderer\core\others\semaphores.cpp" />
    <ClCompile Include="src\backend\vulkan\Renderer\core\others\syncObjects.cpp" />
    <ClCompile Include="src\backend\vulkan\Renderer\core\queues\queues.cpp" />
    <ClCompile Include="src\backend\vulkan\Renderer\core\validators\debugger\debugger.cpp" />
    <ClCompile Include="src\backend\vulkan\Renderer\core\validators\validators.cpp" />
    <ClCompile Include="src\backend\vulkan\Renderer\core\colorBuffer.cpp" />
    <ClCompile Include="src\backend\vulkan\Renderer\core\commandBuffer.cpp" />
    <ClCompile Include="src\backend\vulkan\Renderer\core\depthBuffer.cpp" />
    <ClCompile Include="src\backend\vulkan\Renderer\core\device.cpp" />
    <ClCompile Include="src\backend\vulkan\Renderer\core\frameBuffer.cpp" />
    <ClCompile Include="src\backend\vulkan\Renderer\core\indexBuffer.cpp" />
    <ClCompile Include="src\backend\vulkan\Renderer\core\instance.cpp" />
    <ClCompile Include="src\backend\vulkan\Renderer\core\modelManager.cpp" />
    <ClCompile Include="src\backend\vulkan\Renderer\core\pipeline.cpp" />
    <ClCompile Include="src\backend\vulkan\Renderer\core\shader.cpp" />
    <ClCompile Include="src\backend\vulkan\Renderer\core\swapChain.cpp" />
    <ClCompile Include="src\backend\vulkan\Renderer\core\texture.cpp" />
    <ClCompile Include="src\backend\vulkan\Renderer\core\uniformBuffer.cpp" />
    <ClCompile Include="src\backend\vulkan\Renderer\core\vertexBuffer.cpp" />
    <ClCompile Include="src\backend\vulkan\Renderer\core\window.cpp" />
    <ClCompile Include="src\backend\vulkan\Renderer\vulkanRenderer.cpp" />
  </ItemGroup>
  <ItemGroup>
    <None Include="premake5.lua" />
  </ItemGroup>
</Project>