<?xml version="1.0" encoding="utf-8"?>
<Project ToolsVersion="4.0" xmlns="http://schemas.microsoft.com/developer/msbuild/2003">
  <ItemGroup>
    <Filter Include="src">
      <UniqueIdentifier>{2DAB880B-99B4-887C-2230-9F7C8E38947C}</UniqueIdentifier>
    </Filter>
    <Filter Include="src\Layers">
      <UniqueIdentifier>{4C4DA51D-3805-E76A-A10C-C0C68DE3815B}</UniqueIdentifier>
    </Filter>
    <Filter Include="src\Platform">
      <UniqueIdentifier>{21CA02E5-0D2D-9289-B6B2-CA3FA2F45D0C}</UniqueIdentifier>
    </Filter>
    <Filter Include="src\Platform\Windows">
      <UniqueIdentifier>{5B054582-4794-CE4B-F0B2-E246DC20DFF1}</UniqueIdentifier>
    </Filter>
    <Filter Include="src\Platform\Windows\utils">
      <UniqueIdentifier>{1B6F5118-077F-FDE8-7038-62075C67EC81}</UniqueIdentifier>
    </Filter>
    <Filter Include="src\Wrapper">
      <UniqueIdentifier>{FDF70A47-69AD-833C-F2A1-7D135E567A40}</UniqueIdentifier>
    </Filter>
    <Filter Include="src\backend">
      <UniqueIdentifier>{0427456E-70DC-BD63-F9D0-B73A6585B467}</UniqueIdentifier>
    </Filter>
    <Filter Include="src\backend\buffers">
      <UniqueIdentifier>{A042AA9A-0CA4-87A8-9511-CE5A0172BE67}</UniqueIdentifier>
    </Filter>
    <Filter Include="src\backend\data">
      <UniqueIdentifier>{0D2B7527-F923-9479-2256-79FE0EAE7385}</UniqueIdentifier>
    </Filter>
    <Filter Include="src\backend\device">
      <UniqueIdentifier>{43CCB5D9-2FB0-762F-9810-7182841361B1}</UniqueIdentifier>
    </Filter>
    <Filter Include="src\backend\extensions">
      <UniqueIdentifier>{C31D34D4-AF17-5D26-9884-F336841DC392}</UniqueIdentifier>
    </Filter>
    <Filter Include="src\backend\instance">
      <UniqueIdentifier>{88E2356A-7471-BF33-1D90-D32E09FECFD9}</UniqueIdentifier>
    </Filter>
    <Filter Include="src\backend\loader">
      <UniqueIdentifier>{6A6D08ED-5651-C942-BFB1-C395ABB4B3C4}</UniqueIdentifier>
    </Filter>
    <Filter Include="src\backend\others">
      <UniqueIdentifier>{683E66F4-5422-274A-BD82-219DA98511CC}</UniqueIdentifier>
    </Filter>
    <Filter Include="src\backend\pipeline">
      <UniqueIdentifier>{C98F1657-B51E-A020-5E3D-B41B4AABB0C6}</UniqueIdentifier>
    </Filter>
    <Filter Include="src\backend\queues">
      <UniqueIdentifier>{6B4521F9-5729-E24E-C089-DCA1AC8CCCD0}</UniqueIdentifier>
    </Filter>
    <Filter Include="src\backend\swapchain">
      <UniqueIdentifier>{91105319-FD7C-0E14-C670-A671329C307C}</UniqueIdentifier>
    </Filter>
    <Filter Include="src\backend\texture">
      <UniqueIdentifier>{84A83DE0-F009-1BEE-7977-61A0E5D751AD}</UniqueIdentifier>
    </Filter>
    <Filter Include="src\backend\validators">
      <UniqueIdentifier>{2C9F005B-1899-29AD-0106-C0BDED9E8F19}</UniqueIdentifier>
    </Filter>
    <Filter Include="src\backend\validators\debugger">
      <UniqueIdentifier>{204F57F5-8C32-6635-9535-947101982C86}</UniqueIdentifier>
    </Filter>
  </ItemGroup>
  <ItemGroup>
    <ClInclude Include="src\Layers\layer.h">
      <Filter>src\Layers</Filter>
    </ClInclude>
    <ClInclude Include="src\Layers\layerStack.h">
      <Filter>src\Layers</Filter>
    </ClInclude>
    <ClInclude Include="src\Platform\Windows.h">
      <Filter>src\Platform</Filter>
    </ClInclude>
    <ClInclude Include="src\Platform\Windows\inputs.h">
      <Filter>src\Platform\Windows</Filter>
    </ClInclude>
    <ClInclude Include="src\Platform\Windows\utils\loadIcon.h">
      <Filter>src\Platform\Windows\utils</Filter>
    </ClInclude>
    <ClInclude Include="src\Platform\Windows\utils\readFile.h">
      <Filter>src\Platform\Windows\utils</Filter>
    </ClInclude>
    <ClInclude Include="src\Platform\Windows\window.h">
      <Filter>src\Platform\Windows</Filter>
    </ClInclude>
    <ClInclude Include="src\Renderer.h">
      <Filter>src</Filter>
    </ClInclude>
    <ClInclude Include="src\Wrapper\dll_wrapper.h">
      <Filter>src\Wrapper</Filter>
    </ClInclude>
    <ClInclude Include="src\Wrapper\internal_wrapper.h">
      <Filter>src\Wrapper</Filter>
    </ClInclude>
    <ClInclude Include="src\adgrafx.h">
      <Filter>src</Filter>
    </ClInclude>
    <ClInclude Include="src\backend\buffers\buffer.h">
      <Filter>src\backend\buffers</Filter>
    </ClInclude>
    <ClInclude Include="src\backend\buffers\colorBuffer.h">
      <Filter>src\backend\buffers</Filter>
    </ClInclude>
    <ClInclude Include="src\backend\buffers\commandBuffer.h">
      <Filter>src\backend\buffers</Filter>
    </ClInclude>
    <ClInclude Include="src\backend\buffers\depthBuffer.h">
      <Filter>src\backend\buffers</Filter>
    </ClInclude>
    <ClInclude Include="src\backend\buffers\frameBuffer.h">
      <Filter>src\backend\buffers</Filter>
    </ClInclude>
    <ClInclude Include="src\backend\buffers\indexBuffer.h">
      <Filter>src\backend\buffers</Filter>
    </ClInclude>
    <ClInclude Include="src\backend\buffers\uniformBuffer.h">
      <Filter>src\backend\buffers</Filter>
    </ClInclude>
    <ClInclude Include="src\backend\buffers\vertexBuffer.h">
      <Filter>src\backend\buffers</Filter>
    </ClInclude>
    <ClInclude Include="src\backend\core.h">
      <Filter>src\backend</Filter>
    </ClInclude>
    <ClInclude Include="src\backend\data\data.h">
      <Filter>src\backend\data</Filter>
    </ClInclude>
    <ClInclude Include="src\backend\defines.h">
      <Filter>src\backend</Filter>
    </ClInclude>
    <ClInclude Include="src\backend\device\device.h">
      <Filter>src\backend\device</Filter>
    </ClInclude>
    <ClInclude Include="src\backend\extensions\extensions.h">
      <Filter>src\backend\extensions</Filter>
    </ClInclude>
    <ClInclude Include="src\backend\instance\instance.h">
      <Filter>src\backend\instance</Filter>
    </ClInclude>
    <ClInclude Include="src\backend\interface.h">
      <Filter>src\backend</Filter>
    </ClInclude>
    <ClInclude Include="src\backend\loader\model.h">
      <Filter>src\backend\loader</Filter>
    </ClInclude>
    <ClInclude Include="src\backend\others\semaphores.h">
      <Filter>src\backend\others</Filter>
    </ClInclude>
    <ClInclude Include="src\backend\others\syncObjects.h">
      <Filter>src\backend\others</Filter>
    </ClInclude>
    <ClInclude Include="src\backend\pipeline\pipeline.h">
      <Filter>src\backend\pipeline</Filter>
    </ClInclude>
    <ClInclude Include="src\backend\queues\queues.h">
      <Filter>src\backend\queues</Filter>
    </ClInclude>
    <ClInclude Include="src\backend\swapchain\swapChain.h">
      <Filter>src\backend\swapchain</Filter>
    </ClInclude>
    <ClInclude Include="src\backend\texture\texture.h">
      <Filter>src\backend\texture</Filter>
    </ClInclude>
    <ClInclude Include="src\backend\validators\debugger\debugger.h">
      <Filter>src\backend\validators\debugger</Filter>
    </ClInclude>
    <ClInclude Include="src\backend\validators\validators.h">
      <Filter>src\backend\validators</Filter>
    </ClInclude>
  </ItemGroup>
  <ItemGroup>
    <ClCompile Include="main.cpp" />
    <ClCompile Include="src\Layers\layer.cpp">
      <Filter>src\Layers</Filter>
    </ClCompile>
    <ClCompile Include="src\Layers\layerStack.cpp">
      <Filter>src\Layers</Filter>
    </ClCompile>
    <ClCompile Include="src\Platform\Windows\inputs.cpp">
      <Filter>src\Platform\Windows</Filter>
    </ClCompile>
    <ClCompile Include="src\Platform\Windows\utils\loadIcon.cpp">
      <Filter>src\Platform\Windows\utils</Filter>
    </ClCompile>
    <ClCompile Include="src\Platform\Windows\utils\readFile.cpp">
      <Filter>src\Platform\Windows\utils</Filter>
    </ClCompile>
    <ClCompile Include="src\Platform\Windows\window.cpp">
      <Filter>src\Platform\Windows</Filter>
    </ClCompile>
    <ClCompile Include="src\Renderer.cpp">
      <Filter>src</Filter>
    </ClCompile>
    <ClCompile Include="src\Wrapper\dll_wrapper.cpp">
      <Filter>src\Wrapper</Filter>
    </ClCompile>
    <ClCompile Include="src\Wrapper\internal_wrapper.cpp">
      <Filter>src\Wrapper</Filter>
    </ClCompile>
    <ClCompile Include="src\adgrafx.cpp">
      <Filter>src</Filter>
    </ClCompile>
    <ClCompile Include="src\backend\buffers\buffer.cpp">
      <Filter>src\backend\buffers</Filter>
    </ClCompile>
    <ClCompile Include="src\backend\buffers\colorBuffer.cpp">
      <Filter>src\backend\buffers</Filter>
    </ClCompile>
    <ClCompile Include="src\backend\buffers\commandBuffer.cpp">
      <Filter>src\backend\buffers</Filter>
    </ClCompile>
    <ClCompile Include="src\backend\buffers\depthBuffer.cpp">
      <Filter>src\backend\buffers</Filter>
    </ClCompile>
    <ClCompile Include="src\backend\buffers\frameBuffer.cpp">
      <Filter>src\backend\buffers</Filter>
    </ClCompile>
    <ClCompile Include="src\backend\buffers\indexBuffer.cpp">
      <Filter>src\backend\buffers</Filter>
    </ClCompile>
    <ClCompile Include="src\backend\buffers\uniformBuffer.cpp">
      <Filter>src\backend\buffers</Filter>
    </ClCompile>
    <ClCompile Include="src\backend\buffers\vertexBuffer.cpp">
      <Filter>src\backend\buffers</Filter>
    </ClCompile>
    <ClCompile Include="src\backend\core.cpp">
      <Filter>src\backend</Filter>
    </ClCompile>
    <ClCompile Include="src\backend\device\device.cpp">
      <Filter>src\backend\device</Filter>
    </ClCompile>
    <ClCompile Include="src\backend\extensions\extensions.cpp">
      <Filter>src\backend\extensions</Filter>
    </ClCompile>
    <ClCompile Include="src\backend\instance\instance.cpp">
      <Filter>src\backend\instance</Filter>
    </ClCompile>
    <ClCompile Include="src\backend\loader\model.cpp">
      <Filter>src\backend\loader</Filter>
    </ClCompile>
    <ClCompile Include="src\backend\others\semaphores.cpp">
      <Filter>src\backend\others</Filter>
    </ClCompile>
    <ClCompile Include="src\backend\others\syncObjects.cpp">
      <Filter>src\backend\others</Filter>
    </ClCompile>
    <ClCompile Include="src\backend\pipeline\pipeline.cpp">
      <Filter>src\backend\pipeline</Filter>
    </ClCompile>
    <ClCompile Include="src\backend\queues\queues.cpp">
      <Filter>src\backend\queues</Filter>
    </ClCompile>
    <ClCompile Include="src\backend\swapchain\swapChain.cpp">
      <Filter>src\backend\swapchain</Filter>
    </ClCompile>
    <ClCompile Include="src\backend\texture\texture.cpp">
      <Filter>src\backend\texture</Filter>
    </ClCompile>
    <ClCompile Include="src\backend\validators\debugger\debugger.cpp">
      <Filter>src\backend\validators\debugger</Filter>
    </ClCompile>
    <ClCompile Include="src\backend\validators\validators.cpp">
      <Filter>src\backend\validators</Filter>
    </ClCompile>
  </ItemGroup>
  <ItemGroup>
    <None Include="premake5.lua" />
  </ItemGroup>
</Project>