<?xml version="1.0" encoding="utf-8"?>
<Project ToolsVersion="4.0" xmlns="http://schemas.microsoft.com/developer/msbuild/2003">
  <ItemGroup>
    <Filter Include="GameLibraries">
      <UniqueIdentifier>{BC96F661-2857-7298-F191-BB155D11B774}</UniqueIdentifier>
    </Filter>
    <Filter Include="GameLibraries\Data Types">
      <UniqueIdentifier>{9AEB1E43-8610-6EC3-AF5B-53539BDF6CE1}</UniqueIdentifier>
    </Filter>
    <Filter Include="src">
      <UniqueIdentifier>{2DAB880B-99B4-887C-2230-9F7C8E38947C}</UniqueIdentifier>
    </Filter>
    <Filter Include="src\core">
      <UniqueIdentifier>{C55F2ECF-B12C-89DA-DA45-7782C671BE68}</UniqueIdentifier>
    </Filter>
    <Filter Include="src\core\data store">
      <UniqueIdentifier>{3BB855F0-A719-33FE-3087-79B09CE769BD}</UniqueIdentifier>
    </Filter>
    <Filter Include="src\core\media">
      <UniqueIdentifier>{945D5A88-802B-4E8E-69BF-BEB4552C2AF3}</UniqueIdentifier>
    </Filter>
    <Filter Include="src\core\object mechanics">
      <UniqueIdentifier>{56F0F844-C2B2-2CCF-0B63-BB5B776405AD}</UniqueIdentifier>
    </Filter>
    <Filter Include="src\core\utils">
      <UniqueIdentifier>{0571F388-F13E-E78E-DAD2-57B5C63FC3F3}</UniqueIdentifier>
    </Filter>
    <Filter Include="src\core\utils\dataStructures">
      <UniqueIdentifier>{320DD582-9E25-BCAC-67D2-4B46D3A95046}</UniqueIdentifier>
    </Filter>
  </ItemGroup>
  <ItemGroup>
    <ClInclude Include="GameLibraries\Data Types\Uniform.h">
      <Filter>GameLibraries\Data Types</Filter>
    </ClInclude>
    <ClInclude Include="GameLibraries\Data Types\Vertex.h">
      <Filter>GameLibraries\Data Types</Filter>
    </ClInclude>
    <ClInclude Include="GameLibraries\GameObject.h">
      <Filter>GameLibraries</Filter>
    </ClInclude>
    <ClInclude Include="GameLibraries\KeyBingings.h">
      <Filter>GameLibraries</Filter>
    </ClInclude>
    <ClInclude Include="GameLibraries\Level.h">
      <Filter>GameLibraries</Filter>
    </ClInclude>
    <ClInclude Include="GameLibraries\Scene.h">
      <Filter>GameLibraries</Filter>
    </ClInclude>
    <ClInclude Include="src\Dynamik.h">
      <Filter>src</Filter>
    </ClInclude>
    <ClInclude Include="src\core\application.h">
      <Filter>src\core</Filter>
    </ClInclude>
    <ClInclude Include="src\core\core.h">
      <Filter>src\core</Filter>
    </ClInclude>
    <ClInclude Include="src\core\data store\containers.h">
      <Filter>src\core\data store</Filter>
    </ClInclude>
    <ClInclude Include="src\core\data store\internalFormat.h">
      <Filter>src\core\data store</Filter>
    </ClInclude>
    <ClInclude Include="src\core\data store\internalObjectFormat.h">
      <Filter>src\core\data store</Filter>
    </ClInclude>
    <ClInclude Include="src\core\data store\objectSpecifications.h">
      <Filter>src\core\data store</Filter>
    </ClInclude>
    <ClInclude Include="src\core\engineControlUnit.h">
      <Filter>src\core</Filter>
    </ClInclude>
    <ClInclude Include="src\core\object mechanics\loadGameObjects.h">
      <Filter>src\core\object mechanics</Filter>
    </ClInclude>
    <ClInclude Include="src\core\object mechanics\submitAsset.h">
      <Filter>src\core\object mechanics</Filter>
    </ClInclude>
    <ClInclude Include="src\core\utils\DMK_Descriptors.h">
      <Filter>src\core\utils</Filter>
    </ClInclude>
    <ClInclude Include="src\core\utils\DMK_Error.h">
      <Filter>src\core\utils</Filter>
    </ClInclude>
    <ClInclude Include="src\core\utils\DMK_Math.h">
      <Filter>src\core\utils</Filter>
    </ClInclude>
    <ClInclude Include="src\core\utils\bfs.h">
      <Filter>src\core\utils</Filter>
    </ClInclude>
    <ClInclude Include="src\core\utils\dataStructures\heap.h">
      <Filter>src\core\utils\dataStructures</Filter>
    </ClInclude>
    <ClInclude Include="src\core\utils\dataStructures\linkedLists.h">
      <Filter>src\core\utils\dataStructures</Filter>
    </ClInclude>
    <ClInclude Include="src\core\utils\graph.h">
      <Filter>src\core\utils</Filter>
    </ClInclude>
    <ClInclude Include="src\core\utils\safeLock.h">
      <Filter>src\core\utils</Filter>
    </ClInclude>
    <ClInclude Include="src\core\utils\systemFlags.h">
      <Filter>src\core\utils</Filter>
    </ClInclude>
    <ClInclude Include="src\dmkafx.h">
      <Filter>src</Filter>
    </ClInclude>
  </ItemGroup>
  <ItemGroup>
    <ClCompile Include="GameLibraries\GameObject.cpp">
      <Filter>GameLibraries</Filter>
    </ClCompile>
    <ClCompile Include="src\core\application.cpp">
      <Filter>src\core</Filter>
    </ClCompile>
    <ClCompile Include="src\core\data store\internalFormat.cpp">
      <Filter>src\core\data store</Filter>
    </ClCompile>
    <ClCompile Include="src\core\engineControlUnit.cpp">
      <Filter>src\core</Filter>
    </ClCompile>
    <ClCompile Include="src\core\object mechanics\loadGameObjects.cpp">
      <Filter>src\core\object mechanics</Filter>
    </ClCompile>
    <ClCompile Include="src\core\utils\DMK_Math.cpp">
      <Filter>src\core\utils</Filter>
    </ClCompile>
    <ClCompile Include="src\core\utils\bfs.cpp">
      <Filter>src\core\utils</Filter>
    </ClCompile>
    <ClCompile Include="src\core\utils\dataStructures\heap.cpp">
      <Filter>src\core\utils\dataStructures</Filter>
    </ClCompile>
    <ClCompile Include="src\core\utils\dataStructures\linkedLists.cpp">
      <Filter>src\core\utils\dataStructures</Filter>
    </ClCompile>
    <ClCompile Include="src\core\utils\safeLock.cpp">
      <Filter>src\core\utils</Filter>
    </ClCompile>
    <ClCompile Include="src\dmkafx.cpp">
      <Filter>src</Filter>
    </ClCompile>
  </ItemGroup>
  <ItemGroup>
    <None Include="Dynamik.lua" />
    <None Include="IMPORTANT.txt" />
    <None Include="architecture.txt" />
    <None Include="src\core\media\license.txt">
      <Filter>src\core\media</Filter>
    </None>
  </ItemGroup>
</Project>