<?xml version="1.0" encoding="utf-8"?>
<Project ToolsVersion="4.0" xmlns="http://schemas.microsoft.com/developer/msbuild/2003">
  <ItemGroup>
    <Filter Include="GameLibraries">
      <UniqueIdentifier>{BC96F661-2857-7298-F191-BB155D11B774}</UniqueIdentifier>
    </Filter>
    <Filter Include="GameLibraries\Data Types">
      <UniqueIdentifier>{9AEB1E43-8610-6EC3-AF5B-53539BDF6CE1}</UniqueIdentifier>
    </Filter>
    <Filter Include="src">
      <UniqueIdentifier>{2DAB880B-99B4-887C-2230-9F7C8E38947C}</UniqueIdentifier>
    </Filter>
    <Filter Include="src\core">
      <UniqueIdentifier>{C55F2ECF-B12C-89DA-DA45-7782C671BE68}</UniqueIdentifier>
    </Filter>
    <Filter Include="src\core\Engines">
      <UniqueIdentifier>{5D908316-4989-A268-72BB-87ED5E138274}</UniqueIdentifier>
    </Filter>
    <Filter Include="src\core\Engines\ADGR">
      <UniqueIdentifier>{8AA1A463-F60D-605E-BF01-F8BB2B2D82C6}</UniqueIdentifier>
    </Filter>
    <Filter Include="src\core\Engines\ADGR\Backend">
      <UniqueIdentifier>{4192E4F7-ADAA-CB21-7657-5BBBE22E60BB}</UniqueIdentifier>
    </Filter>
    <Filter Include="src\core\Engines\ADGR\Backend\Components">
      <UniqueIdentifier>{B6EC9C57-A269-909A-CBE6-90AEB7C22C2E}</UniqueIdentifier>
    </Filter>
    <Filter Include="src\core\Engines\ADGR\Backend\Components\Camera">
      <UniqueIdentifier>{6E587C9C-DA93-DC5F-E388-59EF4F436190}</UniqueIdentifier>
    </Filter>
    <Filter Include="src\core\Engines\ADGR\Backend\Vulkan">
      <UniqueIdentifier>{A16C922A-8D53-5422-36A4-BA3F226ACD88}</UniqueIdentifier>
    </Filter>
    <Filter Include="src\core\Engines\ADGR\Backend\Vulkan\Renderer Backend Layer">
      <UniqueIdentifier>{8C8C82FE-F849-2B35-8114-179DEDD09D89}</UniqueIdentifier>
    </Filter>
    <Filter Include="src\core\Engines\ADGR\Backend\Vulkan\Renderer Backend Layer\Animations">
      <UniqueIdentifier>{4EF4D5AD-3AF6-19BE-2379-10B70F1A1563}</UniqueIdentifier>
    </Filter>
    <Filter Include="src\core\Engines\ADGR\Backend\Vulkan\Renderer Backend Layer\Common">
      <UniqueIdentifier>{4484FE52-3070-96C2-99E6-551585F136F3}</UniqueIdentifier>
    </Filter>
    <Filter Include="src\core\Engines\ADGR\Backend\Vulkan\Renderer Backend Layer\Compute">
      <UniqueIdentifier>{98CCD0B2-0436-6615-8D79-14C0F9E1165A}</UniqueIdentifier>
    </Filter>
    <Filter Include="src\core\Engines\ADGR\Backend\Vulkan\Renderer Backend Layer\Graphics">
      <UniqueIdentifier>{4C32DB88-38C9-1D3E-E17D-943ECDF3E318}</UniqueIdentifier>
    </Filter>
    <Filter Include="src\core\Engines\ADGR\Backend\Vulkan\Renderer Backend Layer\Graphics\Attachments">
      <UniqueIdentifier>{D7830F84-C3DC-7F07-ECD6-61A1D88E2505}</UniqueIdentifier>
    </Filter>
    <Filter Include="src\core\Engines\ADGR\Backend\Window">
      <UniqueIdentifier>{086C0F2C-F452-D123-9DA3-374189694A8A}</UniqueIdentifier>
    </Filter>
    <Filter Include="src\core\Engines\ADGR\Backend\Window\Windows">
      <UniqueIdentifier>{429EAC74-2EB1-ACCD-D79A-89BAC38C491B}</UniqueIdentifier>
    </Filter>
    <Filter Include="src\core\Engines\ADGR\Backend\base">
      <UniqueIdentifier>{8B0BB9B2-7747-BC1C-E059-D413CCB46437}</UniqueIdentifier>
    </Filter>
    <Filter Include="src\core\Engines\ADGR\Backend\directx12">
      <UniqueIdentifier>{8661A340-F2F0-642B-FBEC-454367FB9F37}</UniqueIdentifier>
    </Filter>
    <Filter Include="src\core\Engines\ADGR\Backend\opengl">
      <UniqueIdentifier>{B5208564-A107-475C-4A58-AD79361EC0C2}</UniqueIdentifier>
    </Filter>
    <Filter Include="src\core\Engines\ADGR\Backend\opengl\backend">
      <UniqueIdentifier>{8CA402C5-78B7-021E-21A1-DF0A0D939F6B}</UniqueIdentifier>
    </Filter>
    <Filter Include="src\core\Engines\ADGR\Backend\opengl\backend\data structures">
      <UniqueIdentifier>{B9200301-A58B-C30C-4EA7-28723AF186EF}</UniqueIdentifier>
    </Filter>
    <Filter Include="src\core\Engines\ADGR\Layers">
      <UniqueIdentifier>{09D9DAFF-F593-CAAB-9E4B-43F68AE5143C}</UniqueIdentifier>
    </Filter>
    <Filter Include="src\core\Engines\ADGR\Wrapper">
      <UniqueIdentifier>{5AFBF16F-C613-D999-8FC0-6833FB976D33}</UniqueIdentifier>
    </Filter>
    <Filter Include="src\core\Engines\Audio">
      <UniqueIdentifier>{1E3054D8-0A2A-7D2A-F396-133BDF2FE396}</UniqueIdentifier>
    </Filter>
    <Filter Include="src\core\Engines\Audio\Backend">
      <UniqueIdentifier>{D574330A-C19A-FD70-AAE0-823C96A5223D}</UniqueIdentifier>
    </Filter>
    <Filter Include="src\core\Engines\Audio\Backend\AudioObjectControllers">
      <UniqueIdentifier>{A410D8C8-102D-CAB9-D904-372745E0337B}</UniqueIdentifier>
    </Filter>
    <Filter Include="src\core\Engines\Destruction">
      <UniqueIdentifier>{204CB200-0C07-A2AC-B5BE-1AF7A158EC3C}</UniqueIdentifier>
    </Filter>
    <Filter Include="src\core\Engines\Destruction\Backend">
      <UniqueIdentifier>{D772E635-C359-A82D-6CAA-0E4B58702194}</UniqueIdentifier>
    </Filter>
    <Filter Include="src\core\Engines\Destruction\Backend\Integrity Based">
      <UniqueIdentifier>{440B0223-304A-AC9E-D9CC-88D0C5EA6109}</UniqueIdentifier>
    </Filter>
    <Filter Include="src\core\Engines\Intellect">
      <UniqueIdentifier>{D098773D-BCA8-230E-2562-882C119112A7}</UniqueIdentifier>
    </Filter>
    <Filter Include="src\core\Engines\Intellect\Backend">
      <UniqueIdentifier>{876FC56E-73AB-C8D8-DCBD-E0CFC81871F3}</UniqueIdentifier>
    </Filter>
    <Filter Include="src\core\Engines\Intellect\Backend\Intellect">
      <UniqueIdentifier>{7AF4113E-6607-1297-0FF1-EE83FBE2AEE4}</UniqueIdentifier>
    </Filter>
    <Filter Include="src\core\Engines\Intellect\Backend\Maths">
      <UniqueIdentifier>{33B91D3A-1F36-117D-48B3-1191348FAD10}</UniqueIdentifier>
    </Filter>
    <Filter Include="src\core\Events">
      <UniqueIdentifier>{09FC8B37-7587-F9FB-7E98-7CF0EAA255FC}</UniqueIdentifier>
    </Filter>
    <Filter Include="src\core\Managers">
      <UniqueIdentifier>{42AF0E70-AEC5-0C06-F73C-98276392DD8D}</UniqueIdentifier>
    </Filter>
    <Filter Include="src\core\Managers\Platform">
      <UniqueIdentifier>{D6356B3F-C245-1710-2BFF-7B2E172E06A9}</UniqueIdentifier>
    </Filter>
    <Filter Include="src\core\Managers\Platform\Windows">
      <UniqueIdentifier>{1056E423-FC91-E78D-65A4-FF8451FF8FA8}</UniqueIdentifier>
    </Filter>
    <Filter Include="src\core\Managers\Platform\Windows\file">
      <UniqueIdentifier>{5FDBE8F6-CB6A-AAE1-D466-8BF94075E5ED}</UniqueIdentifier>
    </Filter>
    <Filter Include="src\core\Managers\Platform\Windows\resource">
      <UniqueIdentifier>{47A60D9D-B30B-A123-3CE4-42FCA8489692}</UniqueIdentifier>
    </Filter>
    <Filter Include="src\core\Managers\Platform\Windows\thread">
      <UniqueIdentifier>{97A62675-03C1-8916-4CE3-99AAB83CB11D}</UniqueIdentifier>
    </Filter>
    <Filter Include="src\core\Networking">
      <UniqueIdentifier>{BCA310BF-2805-EECC-B172-347F1DD3248C}</UniqueIdentifier>
    </Filter>
    <Filter Include="src\core\Networking\Backend">
      <UniqueIdentifier>{73A680B8-DFB3-AE9E-689A-AA89D4A67A55}</UniqueIdentifier>
    </Filter>
    <Filter Include="src\core\Networking\Backend\client">
      <UniqueIdentifier>{410BDA0A-2D47-DD74-9659-F56B82B4858F}</UniqueIdentifier>
    </Filter>
    <Filter Include="src\core\Networking\Backend\server">
      <UniqueIdentifier>{5920B32F-455C-B699-AE6E-CE909AC95EB4}</UniqueIdentifier>
    </Filter>
    <Filter Include="src\core\data store">
      <UniqueIdentifier>{3BB855F0-A719-33FE-3087-79B09CE769BD}</UniqueIdentifier>
    </Filter>
    <Filter Include="src\core\media">
      <UniqueIdentifier>{945D5A88-802B-4E8E-69BF-BEB4552C2AF3}</UniqueIdentifier>
    </Filter>
    <Filter Include="src\core\object mechanics">
      <UniqueIdentifier>{56F0F844-C2B2-2CCF-0B63-BB5B776405AD}</UniqueIdentifier>
    </Filter>
    <Filter Include="src\core\utils">
      <UniqueIdentifier>{0571F388-F13E-E78E-DAD2-57B5C63FC3F3}</UniqueIdentifier>
    </Filter>
    <Filter Include="src\core\utils\dataStructures">
      <UniqueIdentifier>{320DD582-9E25-BCAC-67D2-4B46D3A95046}</UniqueIdentifier>
    </Filter>
  </ItemGroup>
  <ItemGroup>
    <ClInclude Include="GameLibraries\Data Types\Uniform.h">
      <Filter>GameLibraries\Data Types</Filter>
    </ClInclude>
    <ClInclude Include="GameLibraries\Data Types\Vertex.h">
      <Filter>GameLibraries\Data Types</Filter>
    </ClInclude>
    <ClInclude Include="GameLibraries\GameObject.h">
      <Filter>GameLibraries</Filter>
    </ClInclude>
    <ClInclude Include="GameLibraries\KeyBingings.h">
      <Filter>GameLibraries</Filter>
    </ClInclude>
    <ClInclude Include="GameLibraries\Level.h">
      <Filter>GameLibraries</Filter>
    </ClInclude>
    <ClInclude Include="GameLibraries\Material.h">
      <Filter>GameLibraries</Filter>
    </ClInclude>
    <ClInclude Include="GameLibraries\Scene.h">
      <Filter>GameLibraries</Filter>
    </ClInclude>
    <ClInclude Include="GameLibraries\SkyboxObject.h">
      <Filter>GameLibraries</Filter>
    </ClInclude>
    <ClInclude Include="src\Dynamik.h">
      <Filter>src</Filter>
    </ClInclude>
    <ClInclude Include="src\core\AssetIndexBlock.h">
      <Filter>src\core</Filter>
    </ClInclude>
    <ClInclude Include="src\core\AssetLoader.h">
      <Filter>src\core</Filter>
    </ClInclude>
    <ClInclude Include="src\core\Engines\ADGR\Backend\Components\Camera\AnimationCamera.h">
      <Filter>src\core\Engines\ADGR\Backend\Components\Camera</Filter>
    </ClInclude>
    <ClInclude Include="src\core\Engines\ADGR\Backend\Components\Camera\Camera.h">
      <Filter>src\core\Engines\ADGR\Backend\Components\Camera</Filter>
    </ClInclude>
    <ClInclude Include="src\core\Engines\ADGR\Backend\Components\Camera\Camera2D.h">
      <Filter>src\core\Engines\ADGR\Backend\Components\Camera</Filter>
    </ClInclude>
    <ClInclude Include="src\core\Engines\ADGR\Backend\Components\Camera\Camera3D.h">
      <Filter>src\core\Engines\ADGR\Backend\Components\Camera</Filter>
    </ClInclude>
    <ClInclude Include="src\core\Engines\ADGR\Backend\Components\Camera\CameraReflect.h">
      <Filter>src\core\Engines\ADGR\Backend\Components\Camera</Filter>
    </ClInclude>
    <ClInclude Include="src\core\Engines\ADGR\Backend\Components\Camera\CameraSkybox.h">
      <Filter>src\core\Engines\ADGR\Backend\Components\Camera</Filter>
    </ClInclude>
    <ClInclude Include="src\core\Engines\ADGR\Backend\Components\TextOverlay.h">
      <Filter>src\core\Engines\ADGR\Backend\Components</Filter>
    </ClInclude>
    <ClInclude Include="src\core\Engines\ADGR\Backend\Vulkan\Renderer Backend Layer\Animations\VulkanSkeletalAnimation.h">
      <Filter>src\core\Engines\ADGR\Backend\Vulkan\Renderer Backend Layer\Animations</Filter>
    </ClInclude>
    <ClInclude Include="src\core\Engines\ADGR\Backend\Vulkan\Renderer Backend Layer\Common\VulkanAttachment.h">
      <Filter>src\core\Engines\ADGR\Backend\Vulkan\Renderer Backend Layer\Common</Filter>
    </ClInclude>
    <ClInclude Include="src\core\Engines\ADGR\Backend\Vulkan\Renderer Backend Layer\Common\VulkanDescriptor.h">
      <Filter>src\core\Engines\ADGR\Backend\Vulkan\Renderer Backend Layer\Common</Filter>
    </ClInclude>
    <ClInclude Include="src\core\Engines\ADGR\Backend\Vulkan\Renderer Backend Layer\Common\VulkanExtensionsManager.h">
      <Filter>src\core\Engines\ADGR\Backend\Vulkan\Renderer Backend Layer\Common</Filter>
    </ClInclude>
    <ClInclude Include="src\core\Engines\ADGR\Backend\Vulkan\Renderer Backend Layer\Common\VulkanUtilities.h">
      <Filter>src\core\Engines\ADGR\Backend\Vulkan\Renderer Backend Layer\Common</Filter>
    </ClInclude>
    <ClInclude Include="src\core\Engines\ADGR\Backend\Vulkan\Renderer Backend Layer\Common\VulkanValidator.h">
      <Filter>src\core\Engines\ADGR\Backend\Vulkan\Renderer Backend Layer\Common</Filter>
    </ClInclude>
    <ClInclude Include="src\core\Engines\ADGR\Backend\Vulkan\Renderer Backend Layer\Compute\VulkanComputeBufferObject.h">
      <Filter>src\core\Engines\ADGR\Backend\Vulkan\Renderer Backend Layer\Compute</Filter>
    </ClInclude>
    <ClInclude Include="src\core\Engines\ADGR\Backend\Vulkan\Renderer Backend Layer\Compute\VulkanComputeCommandBuffer.h">
      <Filter>src\core\Engines\ADGR\Backend\Vulkan\Renderer Backend Layer\Compute</Filter>
    </ClInclude>
    <ClInclude Include="src\core\Engines\ADGR\Backend\Vulkan\Renderer Backend Layer\Compute\VulkanComputeCore.h">
      <Filter>src\core\Engines\ADGR\Backend\Vulkan\Renderer Backend Layer\Compute</Filter>
    </ClInclude>
    <ClInclude Include="src\core\Engines\ADGR\Backend\Vulkan\Renderer Backend Layer\Compute\VulkanComputeDescriptor.h">
      <Filter>src\core\Engines\ADGR\Backend\Vulkan\Renderer Backend Layer\Compute</Filter>
    </ClInclude>
    <ClInclude Include="src\core\Engines\ADGR\Backend\Vulkan\Renderer Backend Layer\Compute\VulkanComputeFunctions.h">
      <Filter>src\core\Engines\ADGR\Backend\Vulkan\Renderer Backend Layer\Compute</Filter>
    </ClInclude>
    <ClInclude Include="src\core\Engines\ADGR\Backend\Vulkan\Renderer Backend Layer\Compute\VulkanComputeImageObject.h">
      <Filter>src\core\Engines\ADGR\Backend\Vulkan\Renderer Backend Layer\Compute</Filter>
    </ClInclude>
    <ClInclude Include="src\core\Engines\ADGR\Backend\Vulkan\Renderer Backend Layer\Compute\VulkanComputeManager.h">
      <Filter>src\core\Engines\ADGR\Backend\Vulkan\Renderer Backend Layer\Compute</Filter>
    </ClInclude>
    <ClInclude Include="src\core\Engines\ADGR\Backend\Vulkan\Renderer Backend Layer\Compute\VulkanComputeObject.h">
      <Filter>src\core\Engines\ADGR\Backend\Vulkan\Renderer Backend Layer\Compute</Filter>
    </ClInclude>
    <ClInclude Include="src\core\Engines\ADGR\Backend\Vulkan\Renderer Backend Layer\Compute\VulkanComputeOneTimeCommandBuffer.h">
      <Filter>src\core\Engines\ADGR\Backend\Vulkan\Renderer Backend Layer\Compute</Filter>
    </ClInclude>
    <ClInclude Include="src\core\Engines\ADGR\Backend\Vulkan\Renderer Backend Layer\Compute\VulkanComputePipeline.h">
      <Filter>src\core\Engines\ADGR\Backend\Vulkan\Renderer Backend Layer\Compute</Filter>
    </ClInclude>
    <ClInclude Include="src\core\Engines\ADGR\Backend\Vulkan\Renderer Backend Layer\Compute\VulkanComputeRBLIndex.h">
      <Filter>src\core\Engines\ADGR\Backend\Vulkan\Renderer Backend Layer\Compute</Filter>
    </ClInclude>
    <ClInclude Include="src\core\Engines\ADGR\Backend\Vulkan\Renderer Backend Layer\Compute\VulkanComputeShader.h">
      <Filter>src\core\Engines\ADGR\Backend\Vulkan\Renderer Backend Layer\Compute</Filter>
    </ClInclude>
    <ClInclude Include="src\core\Engines\ADGR\Backend\Vulkan\Renderer Backend Layer\Compute\VulkanOneTimeCompute.h">
      <Filter>src\core\Engines\ADGR\Backend\Vulkan\Renderer Backend Layer\Compute</Filter>
    </ClInclude>
    <ClInclude Include="src\core\Engines\ADGR\Backend\Vulkan\Renderer Backend Layer\Graphics\Attachments\VulkanGraphicsAttachment.h">
      <Filter>src\core\Engines\ADGR\Backend\Vulkan\Renderer Backend Layer\Graphics\Attachments</Filter>
    </ClInclude>
    <ClInclude Include="src\core\Engines\ADGR\Backend\Vulkan\Renderer Backend Layer\Graphics\Attachments\VulkanGraphicsTextureAttachment.h">
      <Filter>src\core\Engines\ADGR\Backend\Vulkan\Renderer Backend Layer\Graphics\Attachments</Filter>
    </ClInclude>
    <ClInclude Include="src\core\Engines\ADGR\Backend\Vulkan\Renderer Backend Layer\Graphics\Attachments\VulkanGraphicsTextureAttachment2D.h">
      <Filter>src\core\Engines\ADGR\Backend\Vulkan\Renderer Backend Layer\Graphics\Attachments</Filter>
    </ClInclude>
    <ClInclude Include="src\core\Engines\ADGR\Backend\Vulkan\Renderer Backend Layer\Graphics\VulkanControlHeader.h">
      <Filter>src\core\Engines\ADGR\Backend\Vulkan\Renderer Backend Layer\Graphics</Filter>
    </ClInclude>
    <ClInclude Include="src\core\Engines\ADGR\Backend\Vulkan\Renderer Backend Layer\Graphics\VulkanGraphicsColorBuffer.h">
      <Filter>src\core\Engines\ADGR\Backend\Vulkan\Renderer Backend Layer\Graphics</Filter>
    </ClInclude>
    <ClInclude Include="src\core\Engines\ADGR\Backend\Vulkan\Renderer Backend Layer\Graphics\VulkanGraphicsCommandBuffer.h">
      <Filter>src\core\Engines\ADGR\Backend\Vulkan\Renderer Backend Layer\Graphics</Filter>
    </ClInclude>
    <ClInclude Include="src\core\Engines\ADGR\Backend\Vulkan\Renderer Backend Layer\Graphics\VulkanGraphicsCore.h">
      <Filter>src\core\Engines\ADGR\Backend\Vulkan\Renderer Backend Layer\Graphics</Filter>
    </ClInclude>
    <ClInclude Include="src\core\Engines\ADGR\Backend\Vulkan\Renderer Backend Layer\Graphics\VulkanGraphicsDepthBuffer.h">
      <Filter>src\core\Engines\ADGR\Backend\Vulkan\Renderer Backend Layer\Graphics</Filter>
    </ClInclude>
    <ClInclude Include="src\core\Engines\ADGR\Backend\Vulkan\Renderer Backend Layer\Graphics\VulkanGraphicsDescriptor.h">
      <Filter>src\core\Engines\ADGR\Backend\Vulkan\Renderer Backend Layer\Graphics</Filter>
    </ClInclude>
    <ClInclude Include="src\core\Engines\ADGR\Backend\Vulkan\Renderer Backend Layer\Graphics\VulkanGraphicsFrameBuffer.h">
      <Filter>src\core\Engines\ADGR\Backend\Vulkan\Renderer Backend Layer\Graphics</Filter>
    </ClInclude>
    <ClInclude Include="src\core\Engines\ADGR\Backend\Vulkan\Renderer Backend Layer\Graphics\VulkanGraphicsFunctions.h">
      <Filter>src\core\Engines\ADGR\Backend\Vulkan\Renderer Backend Layer\Graphics</Filter>
    </ClInclude>
    <ClInclude Include="src\core\Engines\ADGR\Backend\Vulkan\Renderer Backend Layer\Graphics\VulkanGraphicsOneTimeCommandBuffer.h">
      <Filter>src\core\Engines\ADGR\Backend\Vulkan\Renderer Backend Layer\Graphics</Filter>
    </ClInclude>
    <ClInclude Include="src\core\Engines\ADGR\Backend\Vulkan\Renderer Backend Layer\Graphics\VulkanGraphicsPipeline.h">
      <Filter>src\core\Engines\ADGR\Backend\Vulkan\Renderer Backend Layer\Graphics</Filter>
    </ClInclude>
    <ClInclude Include="src\core\Engines\ADGR\Backend\Vulkan\Renderer Backend Layer\Graphics\VulkanGraphicsPushConstant.h">
      <Filter>src\core\Engines\ADGR\Backend\Vulkan\Renderer Backend Layer\Graphics</Filter>
    </ClInclude>
    <ClInclude Include="src\core\Engines\ADGR\Backend\Vulkan\Renderer Backend Layer\Graphics\VulkanGraphicsRBLIndex.h">
      <Filter>src\core\Engines\ADGR\Backend\Vulkan\Renderer Backend Layer\Graphics</Filter>
    </ClInclude>
    <ClInclude Include="src\core\Engines\ADGR\Backend\Vulkan\Renderer Backend Layer\Graphics\VulkanGraphicsRenderableObject.h">
      <Filter>src\core\Engines\ADGR\Backend\Vulkan\Renderer Backend Layer\Graphics</Filter>
    </ClInclude>
    <ClInclude Include="src\core\Engines\ADGR\Backend\Vulkan\Renderer Backend Layer\Graphics\VulkanGraphicsShader.h">
      <Filter>src\core\Engines\ADGR\Backend\Vulkan\Renderer Backend Layer\Graphics</Filter>
    </ClInclude>
    <ClInclude Include="src\core\Engines\ADGR\Backend\Vulkan\Renderer Backend Layer\Graphics\VulkanGraphicsSupportObject.h">
      <Filter>src\core\Engines\ADGR\Backend\Vulkan\Renderer Backend Layer\Graphics</Filter>
    </ClInclude>
    <ClInclude Include="src\core\Engines\ADGR\Backend\Vulkan\Renderer Backend Layer\Graphics\VulkanGraphicsSwapChain.h">
      <Filter>src\core\Engines\ADGR\Backend\Vulkan\Renderer Backend Layer\Graphics</Filter>
    </ClInclude>
    <ClInclude Include="src\core\Engines\ADGR\Backend\Vulkan\Renderer Backend Layer\VulkanAnimationManager.h">
      <Filter>src\core\Engines\ADGR\Backend\Vulkan\Renderer Backend Layer</Filter>
    </ClInclude>
    <ClInclude Include="src\core\Engines\ADGR\Backend\Vulkan\Renderer Backend Layer\VulkanBRDF.h">
      <Filter>src\core\Engines\ADGR\Backend\Vulkan\Renderer Backend Layer</Filter>
    </ClInclude>
    <ClInclude Include="src\core\Engines\ADGR\Backend\Vulkan\Renderer Backend Layer\VulkanGraphicsSwapChain3D.h">
      <Filter>src\core\Engines\ADGR\Backend\Vulkan\Renderer Backend Layer</Filter>
    </ClInclude>
    <ClInclude Include="src\core\Engines\ADGR\Backend\Vulkan\Renderer Backend Layer\VulkanIrradianceCube.h">
      <Filter>src\core\Engines\ADGR\Backend\Vulkan\Renderer Backend Layer</Filter>
    </ClInclude>
    <ClInclude Include="src\core\Engines\ADGR\Backend\Vulkan\Renderer Backend Layer\VulkanObject2D.h">
      <Filter>src\core\Engines\ADGR\Backend\Vulkan\Renderer Backend Layer</Filter>
    </ClInclude>
    <ClInclude Include="src\core\Engines\ADGR\Backend\Vulkan\Renderer Backend Layer\VulkanObject3D.h">
      <Filter>src\core\Engines\ADGR\Backend\Vulkan\Renderer Backend Layer</Filter>
    </ClInclude>
    <ClInclude Include="src\core\Engines\ADGR\Backend\Vulkan\Renderer Backend Layer\VulkanOffsceenFrameBuffer.h">
      <Filter>src\core\Engines\ADGR\Backend\Vulkan\Renderer Backend Layer</Filter>
    </ClInclude>
    <ClInclude Include="src\core\Engines\ADGR\Backend\Vulkan\Renderer Backend Layer\VulkanPBRObject.h">
      <Filter>src\core\Engines\ADGR\Backend\Vulkan\Renderer Backend Layer</Filter>
    </ClInclude>
    <ClInclude Include="src\core\Engines\ADGR\Backend\Vulkan\Renderer Backend Layer\VulkanParticleSystem.h">
      <Filter>src\core\Engines\ADGR\Backend\Vulkan\Renderer Backend Layer</Filter>
    </ClInclude>
    <ClInclude Include="src\core\Engines\ADGR\Backend\Vulkan\Renderer Backend Layer\VulkanPrefilteredCube.h">
      <Filter>src\core\Engines\ADGR\Backend\Vulkan\Renderer Backend Layer</Filter>
    </ClInclude>
    <ClInclude Include="src\core\Engines\ADGR\Backend\Vulkan\Renderer Backend Layer\VulkanReflectObject.h">
      <Filter>src\core\Engines\ADGR\Backend\Vulkan\Renderer Backend Layer</Filter>
    </ClInclude>
    <ClInclude Include="src\core\Engines\ADGR\Backend\Vulkan\Renderer Backend Layer\VulkanSkyBox.h">
      <Filter>src\core\Engines\ADGR\Backend\Vulkan\Renderer Backend Layer</Filter>
    </ClInclude>
    <ClInclude Include="src\core\Engines\ADGR\Backend\Vulkan\Renderer Backend Layer\VulkanTextObject.h">
      <Filter>src\core\Engines\ADGR\Backend\Vulkan\Renderer Backend Layer</Filter>
    </ClInclude>
    <ClInclude Include="src\core\Engines\ADGR\Backend\Vulkan\Renderer Backend Layer\VulkanTextOverlay.h">
      <Filter>src\core\Engines\ADGR\Backend\Vulkan\Renderer Backend Layer</Filter>
    </ClInclude>
    <ClInclude Include="src\core\Engines\ADGR\Backend\Vulkan\vulkanRenderer.h">
      <Filter>src\core\Engines\ADGR\Backend\Vulkan</Filter>
    </ClInclude>
    <ClInclude Include="src\core\Engines\ADGR\Backend\base\RendererBackendBase.h">
      <Filter>src\core\Engines\ADGR\Backend\base</Filter>
    </ClInclude>
    <ClInclude Include="src\core\Engines\ADGR\Backend\directx12\directx12Renderer.h">
      <Filter>src\core\Engines\ADGR\Backend\directx12</Filter>
    </ClInclude>
    <ClInclude Include="src\core\Engines\ADGR\Backend\opengl\backend\data structures\opengl.h">
      <Filter>src\core\Engines\ADGR\Backend\opengl\backend\data structures</Filter>
    </ClInclude>
    <ClInclude Include="src\core\Engines\ADGR\Backend\opengl\backend\openglFormat.h">
      <Filter>src\core\Engines\ADGR\Backend\opengl\backend</Filter>
    </ClInclude>
    <ClInclude Include="src\core\Engines\ADGR\Backend\opengl\backend\shader.h">
      <Filter>src\core\Engines\ADGR\Backend\opengl\backend</Filter>
    </ClInclude>
    <ClInclude Include="src\core\Engines\ADGR\Backend\opengl\backend\texture.h">
      <Filter>src\core\Engines\ADGR\Backend\opengl\backend</Filter>
    </ClInclude>
    <ClInclude Include="src\core\Engines\ADGR\Backend\opengl\backend\vertexAndIndexBuffer.h">
      <Filter>src\core\Engines\ADGR\Backend\opengl\backend</Filter>
    </ClInclude>
    <ClInclude Include="src\core\Engines\ADGR\Backend\opengl\backend\window.h">
      <Filter>src\core\Engines\ADGR\Backend\opengl\backend</Filter>
    </ClInclude>
    <ClInclude Include="src\core\Engines\ADGR\Backend\opengl\openglRenderer.h">
      <Filter>src\core\Engines\ADGR\Backend\opengl</Filter>
    </ClInclude>
    <ClInclude Include="src\core\Engines\ADGR\Layers\layer.h">
      <Filter>src\core\Engines\ADGR\Layers</Filter>
    </ClInclude>
    <ClInclude Include="src\core\Engines\ADGR\Layers\layerStack.h">
      <Filter>src\core\Engines\ADGR\Layers</Filter>
    </ClInclude>
    <ClInclude Include="src\core\Engines\ADGR\Renderer.h">
      <Filter>src\core\Engines\ADGR</Filter>
    </ClInclude>
    <ClInclude Include="src\core\Engines\ADGR\RendererThread.h">
      <Filter>src\core\Engines\ADGR</Filter>
    </ClInclude>
    <ClInclude Include="src\core\Engines\ADGR\UniformBufferObject.h">
      <Filter>src\core\Engines\ADGR</Filter>
    </ClInclude>
    <ClInclude Include="src\core\Engines\ADGR\Wrapper\dll_wrapper.h">
      <Filter>src\core\Engines\ADGR\Wrapper</Filter>
    </ClInclude>
    <ClInclude Include="src\core\Engines\ADGR\Wrapper\internal_wrapper.h">
      <Filter>src\core\Engines\ADGR\Wrapper</Filter>
    </ClInclude>
    <ClInclude Include="src\core\Engines\ADGR\defines.h">
      <Filter>src\core\Engines\ADGR</Filter>
    </ClInclude>
    <ClInclude Include="src\core\Engines\ADGR\rendererCommandQueue.h">
      <Filter>src\core\Engines\ADGR</Filter>
    </ClInclude>
    <ClInclude Include="src\core\Engines\ADGR\rendererFormat.h">
      <Filter>src\core\Engines\ADGR</Filter>
    </ClInclude>
    <ClInclude Include="src\core\Engines\Audio\Audio.h">
      <Filter>src\core\Engines\Audio</Filter>
    </ClInclude>
    <ClInclude Include="src\core\Engines\Audio\Backend\AudioEngine.h">
      <Filter>src\core\Engines\Audio\Backend</Filter>
    </ClInclude>
    <ClInclude Include="src\core\Engines\Audio\Backend\AudioLog.h">
      <Filter>src\core\Engines\Audio\Backend</Filter>
    </ClInclude>
    <ClInclude Include="src\core\Engines\Audio\Backend\AudioObject.h">
      <Filter>src\core\Engines\Audio\Backend</Filter>
    </ClInclude>
    <ClInclude Include="src\core\Engines\Audio\Backend\AudioObjectController.h">
      <Filter>src\core\Engines\Audio\Backend</Filter>
    </ClInclude>
    <ClInclude Include="src\core\Engines\Audio\Backend\AudioObjectControllers\BackgroundAudioController.h">
      <Filter>src\core\Engines\Audio\Backend\AudioObjectControllers</Filter>
    </ClInclude>
    <ClInclude Include="src\core\Engines\Audio\Backend\AudioObjectControllers\BasicAudioController.h">
      <Filter>src\core\Engines\Audio\Backend\AudioObjectControllers</Filter>
    </ClInclude>
    <ClInclude Include="src\core\Engines\Destruction\Backend\Integrity Based\DestructionEntity.h">
      <Filter>src\core\Engines\Destruction\Backend\Integrity Based</Filter>
    </ClInclude>
    <ClInclude Include="src\core\Engines\Destruction\Backend\Integrity Based\ObjectDestructionProperties.h">
      <Filter>src\core\Engines\Destruction\Backend\Integrity Based</Filter>
    </ClInclude>
    <ClInclude Include="src\core\Engines\Destruction\Backend\Integrity Based\SolidDestruction.h">
      <Filter>src\core\Engines\Destruction\Backend\Integrity Based</Filter>
    </ClInclude>
    <ClInclude Include="src\core\Engines\Destruction\DDE.h">
      <Filter>src\core\Engines\Destruction</Filter>
    </ClInclude>
    <ClInclude Include="src\core\Engines\Intellect\Backend\Intellect\Neuron.h">
      <Filter>src\core\Engines\Intellect\Backend\Intellect</Filter>
    </ClInclude>
    <ClInclude Include="src\core\Engines\Intellect\Backend\Intellect\neuralNetwork.h">
      <Filter>src\core\Engines\Intellect\Backend\Intellect</Filter>
    </ClInclude>
    <ClInclude Include="src\core\Engines\Intellect\Backend\Maths\Sigmoid.h">
      <Filter>src\core\Engines\Intellect\Backend\Maths</Filter>
    </ClInclude>
    <ClInclude Include="src\core\Engines\Intellect\Intellect.h">
      <Filter>src\core\Engines\Intellect</Filter>
    </ClInclude>
    <ClInclude Include="src\core\Managers\Managers.h">
      <Filter>src\core\Managers</Filter>
    </ClInclude>
    <ClInclude Include="src\core\Managers\Platform\Windows.h">
      <Filter>src\core\Managers\Platform</Filter>
    </ClInclude>
    <ClInclude Include="src\core\Managers\Platform\Windows\file\daiFileManager.h">
      <Filter>src\core\Managers\Platform\Windows\file</Filter>
    </ClInclude>
    <ClInclude Include="src\core\Managers\Platform\Windows\file\duiFileManager.h">
      <Filter>src\core\Managers\Platform\Windows\file</Filter>
    </ClInclude>
    <ClInclude Include="src\core\Managers\Platform\Windows\file\fileManager.h">
      <Filter>src\core\Managers\Platform\Windows\file</Filter>
    </ClInclude>
    <ClInclude Include="src\core\Managers\Platform\Windows\file\readFile.h">
      <Filter>src\core\Managers\Platform\Windows\file</Filter>
    </ClInclude>
    <ClInclude Include="src\core\Managers\Platform\Windows\resource\imageLoader.h">
      <Filter>src\core\Managers\Platform\Windows\resource</Filter>
    </ClInclude>
    <ClInclude Include="src\core\Managers\Platform\Windows\resource\loadIcon.h">
      <Filter>src\core\Managers\Platform\Windows\resource</Filter>
    </ClInclude>
    <ClInclude Include="src\core\Managers\Platform\Windows\resource\modelManager.h">
      <Filter>src\core\Managers\Platform\Windows\resource</Filter>
    </ClInclude>
    <ClInclude Include="src\core\Managers\Platform\Windows\resource\objectLoader.h">
      <Filter>src\core\Managers\Platform\Windows\resource</Filter>
    </ClInclude>
    <ClInclude Include="src\core\Managers\Platform\Windows\thread\ExecutionHandle.h">
      <Filter>src\core\Managers\Platform\Windows\thread</Filter>
    </ClInclude>
    <ClInclude Include="src\core\Managers\Platform\Windows\thread\InternalThread.h">
      <Filter>src\core\Managers\Platform\Windows\thread</Filter>
    </ClInclude>
    <ClInclude Include="src\core\Managers\Platform\Windows\thread\threadManager.h">
      <Filter>src\core\Managers\Platform\Windows\thread</Filter>
    </ClInclude>
    <ClInclude Include="src\core\Managers\Platform\Windows\window.h">
      <Filter>src\core\Managers\Platform\Windows</Filter>
    </ClInclude>
    <ClInclude Include="src\core\Networking\Backend\client.h">
      <Filter>src\core\Networking\Backend</Filter>
    </ClInclude>
    <ClInclude Include="src\core\Networking\Backend\client\Client.h">
      <Filter>src\core\Networking\Backend\client</Filter>
    </ClInclude>
    <ClInclude Include="src\core\Networking\Backend\server.h">
      <Filter>src\core\Networking\Backend</Filter>
    </ClInclude>
    <ClInclude Include="src\core\Networking\Backend\server\Server.h">
      <Filter>src\core\Networking\Backend\server</Filter>
    </ClInclude>
    <ClInclude Include="src\core\Networking\Networking.h">
      <Filter>src\core\Networking</Filter>
    </ClInclude>
    <ClInclude Include="src\core\application.h">
      <Filter>src\core</Filter>
    </ClInclude>
    <ClInclude Include="src\core\core.h">
      <Filter>src\core</Filter>
    </ClInclude>
    <ClInclude Include="src\core\data store\containers.h">
      <Filter>src\core\data store</Filter>
    </ClInclude>
    <ClInclude Include="src\core\data store\internalFormat.h">
      <Filter>src\core\data store</Filter>
    </ClInclude>
    <ClInclude Include="src\core\data store\internalObjectFormat.h">
      <Filter>src\core\data store</Filter>
    </ClInclude>
    <ClInclude Include="src\core\data store\objectSpecifications.h">
      <Filter>src\core\data store</Filter>
    </ClInclude>
    <ClInclude Include="src\core\engineControlUnit.h">
      <Filter>src\core</Filter>
    </ClInclude>
    <ClInclude Include="src\core\object mechanics\loadGameObjects.h">
      <Filter>src\core\object mechanics</Filter>
    </ClInclude>
    <ClInclude Include="src\core\object mechanics\submitAsset.h">
      <Filter>src\core\object mechanics</Filter>
    </ClInclude>
    <ClInclude Include="src\core\utils\DMK_Descriptors.h">
      <Filter>src\core\utils</Filter>
    </ClInclude>
    <ClInclude Include="src\core\utils\DMK_Error.h">
      <Filter>src\core\utils</Filter>
    </ClInclude>
    <ClInclude Include="src\core\utils\DMK_Math.h">
      <Filter>src\core\utils</Filter>
    </ClInclude>
    <ClInclude Include="src\core\utils\bfs.h">
      <Filter>src\core\utils</Filter>
    </ClInclude>
    <ClInclude Include="src\core\utils\dataStructures\heap.h">
      <Filter>src\core\utils\dataStructures</Filter>
    </ClInclude>
    <ClInclude Include="src\core\utils\dataStructures\linkedLists.h">
      <Filter>src\core\utils\dataStructures</Filter>
    </ClInclude>
    <ClInclude Include="src\core\utils\graph.h">
      <Filter>src\core\utils</Filter>
    </ClInclude>
    <ClInclude Include="src\core\utils\safeLock.h">
      <Filter>src\core\utils</Filter>
    </ClInclude>
    <ClInclude Include="src\core\utils\systemFlags.h">
      <Filter>src\core\utils</Filter>
    </ClInclude>
    <ClInclude Include="src\dmkafx.h">
      <Filter>src</Filter>
    </ClInclude>
    <ClInclude Include="src\core\Engines\ADGR\Renderer3D.h" />
    <ClInclude Include="src\core\Interface\Window\Windows\WindowManager.h">
      <Filter>src\core\Engines\ADGR\Backend\Window\Windows</Filter>
    </ClInclude>
    <ClInclude Include="src\core\Interface\Events\EventManager.h" />
    <ClInclude Include="src\core\Interface\Events\DMKEventComponent.h" />
    <ClInclude Include="src\core\Interface\Events\DMKKeyEventComponent.h" />
    <ClInclude Include="src\core\Interface\Events\DMKTextEventComponent.h" />
    <ClInclude Include="src\core\Interface\Events\DMKMouseButtonEventComponent.h" />
    <ClInclude Include="src\core\Interface\Events\DMKMouseScrollEventComponent.h" />
    <ClInclude Include="src\core\Interface\Events\DMKDropPathEventComponent.h" />
    <ClInclude Include="src\core\Interface\Events\DMKWindowResizeEventComponent.h" />
    <ClInclude Include="src\core\Interface\Window\DMKWindowComponent.h" />
    <ClInclude Include="src\core\Interface\Events\keyCodes.h">
      <Filter>src\core\Events</Filter>
    </ClInclude>
    <ClInclude Include="src\core\Objects\Texture\Texture.h" />
    <ClInclude Include="src\core\Objects\DMKObject.h" />
    <ClInclude Include="src\core\Objects\RenderComponent\RenderComponent.h" />
    <ClInclude Include="src\core\Objects\VertexBufferObject\VertexBufferObject.h" />
    <ClInclude Include="src\core\Objects\IndexBufferObject\IndexBufferObject.h" />
    <ClInclude Include="src\core\Objects\IndexBufferObject\IndexBufferObjectUI8.h" />
    <ClInclude Include="src\core\Objects\IndexBufferObject\IndexBufferObjectUI16.h" />
    <ClInclude Include="src\core\Objects\IndexBufferObject\IndexBufferObjectUI32.h" />
    <ClInclude Include="src\core\Objects\UniformBufferObject\UniformBufferObject.h" />
  </ItemGroup>
  <ItemGroup>
    <ClCompile Include="GameLibraries\GameObject.cpp">
      <Filter>GameLibraries</Filter>
    </ClCompile>
    <ClCompile Include="src\core\AssetIndexBlock.cpp">
      <Filter>src\core</Filter>
    </ClCompile>
    <ClCompile Include="src\core\AssetLoader.cpp">
      <Filter>src\core</Filter>
    </ClCompile>
    <ClCompile Include="src\core\Engines\ADGR\Backend\Components\Camera\AnimationCamera.cpp">
      <Filter>src\core\Engines\ADGR\Backend\Components\Camera</Filter>
    </ClCompile>
    <ClCompile Include="src\core\Engines\ADGR\Backend\Components\Camera\Camera.cpp">
      <Filter>src\core\Engines\ADGR\Backend\Components\Camera</Filter>
    </ClCompile>
    <ClCompile Include="src\core\Engines\ADGR\Backend\Components\Camera\Camera2D.cpp">
      <Filter>src\core\Engines\ADGR\Backend\Components\Camera</Filter>
    </ClCompile>
    <ClCompile Include="src\core\Engines\ADGR\Backend\Components\Camera\Camera3D.cpp">
      <Filter>src\core\Engines\ADGR\Backend\Components\Camera</Filter>
    </ClCompile>
    <ClCompile Include="src\core\Engines\ADGR\Backend\Components\Camera\CameraReflect.cpp">
      <Filter>src\core\Engines\ADGR\Backend\Components\Camera</Filter>
    </ClCompile>
    <ClCompile Include="src\core\Engines\ADGR\Backend\Components\Camera\CameraSkybox.cpp">
      <Filter>src\core\Engines\ADGR\Backend\Components\Camera</Filter>
    </ClCompile>
    <ClCompile Include="src\core\Engines\ADGR\Backend\Vulkan\Renderer Backend Layer\Animations\VulkanSkeletalAnimation.cpp">
      <Filter>src\core\Engines\ADGR\Backend\Vulkan\Renderer Backend Layer\Animations</Filter>
    </ClCompile>
    <ClCompile Include="src\core\Engines\ADGR\Backend\Vulkan\Renderer Backend Layer\Common\VulkanDescriptor.cpp">
      <Filter>src\core\Engines\ADGR\Backend\Vulkan\Renderer Backend Layer\Common</Filter>
    </ClCompile>
    <ClCompile Include="src\core\Engines\ADGR\Backend\Vulkan\Renderer Backend Layer\Common\VulkanExtensionsManager.cpp">
      <Filter>src\core\Engines\ADGR\Backend\Vulkan\Renderer Backend Layer\Common</Filter>
    </ClCompile>
    <ClCompile Include="src\core\Engines\ADGR\Backend\Vulkan\Renderer Backend Layer\Common\VulkanUtilities.cpp">
      <Filter>src\core\Engines\ADGR\Backend\Vulkan\Renderer Backend Layer\Common</Filter>
    </ClCompile>
    <ClCompile Include="src\core\Engines\ADGR\Backend\Vulkan\Renderer Backend Layer\Common\VulkanValidator.cpp">
      <Filter>src\core\Engines\ADGR\Backend\Vulkan\Renderer Backend Layer\Common</Filter>
    </ClCompile>
    <ClCompile Include="src\core\Engines\ADGR\Backend\Vulkan\Renderer Backend Layer\Compute\ComputeExample.cpp">
      <Filter>src\core\Engines\ADGR\Backend\Vulkan\Renderer Backend Layer\Compute</Filter>
    </ClCompile>
    <ClCompile Include="src\core\Engines\ADGR\Backend\Vulkan\Renderer Backend Layer\Compute\VulkanComputeBufferObject.cpp">
      <Filter>src\core\Engines\ADGR\Backend\Vulkan\Renderer Backend Layer\Compute</Filter>
    </ClCompile>
    <ClCompile Include="src\core\Engines\ADGR\Backend\Vulkan\Renderer Backend Layer\Compute\VulkanComputeCommandBuffer.cpp">
      <Filter>src\core\Engines\ADGR\Backend\Vulkan\Renderer Backend Layer\Compute</Filter>
    </ClCompile>
    <ClCompile Include="src\core\Engines\ADGR\Backend\Vulkan\Renderer Backend Layer\Compute\VulkanComputeCore.cpp">
      <Filter>src\core\Engines\ADGR\Backend\Vulkan\Renderer Backend Layer\Compute</Filter>
    </ClCompile>
    <ClCompile Include="src\core\Engines\ADGR\Backend\Vulkan\Renderer Backend Layer\Compute\VulkanComputeDescriptor.cpp">
      <Filter>src\core\Engines\ADGR\Backend\Vulkan\Renderer Backend Layer\Compute</Filter>
    </ClCompile>
    <ClCompile Include="src\core\Engines\ADGR\Backend\Vulkan\Renderer Backend Layer\Compute\VulkanComputeFunctions.cpp">
      <Filter>src\core\Engines\ADGR\Backend\Vulkan\Renderer Backend Layer\Compute</Filter>
    </ClCompile>
    <ClCompile Include="src\core\Engines\ADGR\Backend\Vulkan\Renderer Backend Layer\Compute\VulkanComputeImageObject.cpp">
      <Filter>src\core\Engines\ADGR\Backend\Vulkan\Renderer Backend Layer\Compute</Filter>
    </ClCompile>
    <ClCompile Include="src\core\Engines\ADGR\Backend\Vulkan\Renderer Backend Layer\Compute\VulkanComputeManager.cpp">
      <Filter>src\core\Engines\ADGR\Backend\Vulkan\Renderer Backend Layer\Compute</Filter>
    </ClCompile>
    <ClCompile Include="src\core\Engines\ADGR\Backend\Vulkan\Renderer Backend Layer\Compute\VulkanComputeObject.cpp">
      <Filter>src\core\Engines\ADGR\Backend\Vulkan\Renderer Backend Layer\Compute</Filter>
    </ClCompile>
    <ClCompile Include="src\core\Engines\ADGR\Backend\Vulkan\Renderer Backend Layer\Compute\VulkanComputeOneTimeCommandBuffer.cpp">
      <Filter>src\core\Engines\ADGR\Backend\Vulkan\Renderer Backend Layer\Compute</Filter>
    </ClCompile>
    <ClCompile Include="src\core\Engines\ADGR\Backend\Vulkan\Renderer Backend Layer\Compute\VulkanComputePipeline.cpp">
      <Filter>src\core\Engines\ADGR\Backend\Vulkan\Renderer Backend Layer\Compute</Filter>
    </ClCompile>
    <ClCompile Include="src\core\Engines\ADGR\Backend\Vulkan\Renderer Backend Layer\Compute\VulkanComputeShader.cpp">
      <Filter>src\core\Engines\ADGR\Backend\Vulkan\Renderer Backend Layer\Compute</Filter>
    </ClCompile>
    <ClCompile Include="src\core\Engines\ADGR\Backend\Vulkan\Renderer Backend Layer\Compute\VulkanOneTimeCompute.cpp">
      <Filter>src\core\Engines\ADGR\Backend\Vulkan\Renderer Backend Layer\Compute</Filter>
    </ClCompile>
    <ClCompile Include="src\core\Engines\ADGR\Backend\Vulkan\Renderer Backend Layer\Graphics\VulkanGraphicsColorBuffer.cpp">
      <Filter>src\core\Engines\ADGR\Backend\Vulkan\Renderer Backend Layer\Graphics</Filter>
    </ClCompile>
    <ClCompile Include="src\core\Engines\ADGR\Backend\Vulkan\Renderer Backend Layer\Graphics\VulkanGraphicsCommandBuffer.cpp">
      <Filter>src\core\Engines\ADGR\Backend\Vulkan\Renderer Backend Layer\Graphics</Filter>
    </ClCompile>
    <ClCompile Include="src\core\Engines\ADGR\Backend\Vulkan\Renderer Backend Layer\Graphics\VulkanGraphicsCore.cpp">
      <Filter>src\core\Engines\ADGR\Backend\Vulkan\Renderer Backend Layer\Graphics</Filter>
    </ClCompile>
    <ClCompile Include="src\core\Engines\ADGR\Backend\Vulkan\Renderer Backend Layer\Graphics\VulkanGraphicsDepthBuffer.cpp">
      <Filter>src\core\Engines\ADGR\Backend\Vulkan\Renderer Backend Layer\Graphics</Filter>
    </ClCompile>
    <ClCompile Include="src\core\Engines\ADGR\Backend\Vulkan\Renderer Backend Layer\Graphics\VulkanGraphicsDescriptor.cpp">
      <Filter>src\core\Engines\ADGR\Backend\Vulkan\Renderer Backend Layer\Graphics</Filter>
    </ClCompile>
    <ClCompile Include="src\core\Engines\ADGR\Backend\Vulkan\Renderer Backend Layer\Graphics\VulkanGraphicsFrameBuffer.cpp">
      <Filter>src\core\Engines\ADGR\Backend\Vulkan\Renderer Backend Layer\Graphics</Filter>
    </ClCompile>
    <ClCompile Include="src\core\Engines\ADGR\Backend\Vulkan\Renderer Backend Layer\Graphics\VulkanGraphicsFunctions.cpp">
      <Filter>src\core\Engines\ADGR\Backend\Vulkan\Renderer Backend Layer\Graphics</Filter>
    </ClCompile>
    <ClCompile Include="src\core\Engines\ADGR\Backend\Vulkan\Renderer Backend Layer\Graphics\VulkanGraphicsOneTimeCommandBuffer.cpp">
      <Filter>src\core\Engines\ADGR\Backend\Vulkan\Renderer Backend Layer\Graphics</Filter>
    </ClCompile>
    <ClCompile Include="src\core\Engines\ADGR\Backend\Vulkan\Renderer Backend Layer\Graphics\VulkanGraphicsPipeline.cpp">
      <Filter>src\core\Engines\ADGR\Backend\Vulkan\Renderer Backend Layer\Graphics</Filter>
    </ClCompile>
    <ClCompile Include="src\core\Engines\ADGR\Backend\Vulkan\Renderer Backend Layer\Graphics\VulkanGraphicsPushConstant.cpp">
      <Filter>src\core\Engines\ADGR\Backend\Vulkan\Renderer Backend Layer\Graphics</Filter>
    </ClCompile>
    <ClCompile Include="src\core\Engines\ADGR\Backend\Vulkan\Renderer Backend Layer\Graphics\VulkanGraphicsRenderableObject.cpp">
      <Filter>src\core\Engines\ADGR\Backend\Vulkan\Renderer Backend Layer\Graphics</Filter>
    </ClCompile>
    <ClCompile Include="src\core\Engines\ADGR\Backend\Vulkan\Renderer Backend Layer\Graphics\VulkanGraphicsShader.cpp">
      <Filter>src\core\Engines\ADGR\Backend\Vulkan\Renderer Backend Layer\Graphics</Filter>
    </ClCompile>
    <ClCompile Include="src\core\Engines\ADGR\Backend\Vulkan\Renderer Backend Layer\Graphics\VulkanGraphicsSwapChain.cpp">
      <Filter>src\core\Engines\ADGR\Backend\Vulkan\Renderer Backend Layer\Graphics</Filter>
    </ClCompile>
    <ClCompile Include="src\core\Engines\ADGR\Backend\Vulkan\Renderer Backend Layer\VulkanAnimationManager.cpp">
      <Filter>src\core\Engines\ADGR\Backend\Vulkan\Renderer Backend Layer</Filter>
    </ClCompile>
    <ClCompile Include="src\core\Engines\ADGR\Backend\Vulkan\Renderer Backend Layer\VulkanBRDF.cpp">
      <Filter>src\core\Engines\ADGR\Backend\Vulkan\Renderer Backend Layer</Filter>
    </ClCompile>
    <ClCompile Include="src\core\Engines\ADGR\Backend\Vulkan\Renderer Backend Layer\VulkanGraphicsSwapChain3D.cpp">
      <Filter>src\core\Engines\ADGR\Backend\Vulkan\Renderer Backend Layer</Filter>
    </ClCompile>
    <ClCompile Include="src\core\Engines\ADGR\Backend\Vulkan\Renderer Backend Layer\VulkanIrradianceCube.cpp">
      <Filter>src\core\Engines\ADGR\Backend\Vulkan\Renderer Backend Layer</Filter>
    </ClCompile>
    <ClCompile Include="src\core\Engines\ADGR\Backend\Vulkan\Renderer Backend Layer\VulkanOffscreenFrameBuffer.cpp">
      <Filter>src\core\Engines\ADGR\Backend\Vulkan\Renderer Backend Layer</Filter>
    </ClCompile>
    <ClCompile Include="src\core\Engines\ADGR\Backend\Vulkan\Renderer Backend Layer\VulkanPBRObject.cpp">
      <Filter>src\core\Engines\ADGR\Backend\Vulkan\Renderer Backend Layer</Filter>
    </ClCompile>
    <ClCompile Include="src\core\Engines\ADGR\Backend\Vulkan\Renderer Backend Layer\VulkanParticleSystem.cpp">
      <Filter>src\core\Engines\ADGR\Backend\Vulkan\Renderer Backend Layer</Filter>
    </ClCompile>
    <ClCompile Include="src\core\Engines\ADGR\Backend\Vulkan\Renderer Backend Layer\VulkanPrefilteredCube.cpp">
      <Filter>src\core\Engines\ADGR\Backend\Vulkan\Renderer Backend Layer</Filter>
    </ClCompile>
    <ClCompile Include="src\core\Engines\ADGR\Backend\Vulkan\Renderer Backend Layer\VulkanReflectObject.cpp">
      <Filter>src\core\Engines\ADGR\Backend\Vulkan\Renderer Backend Layer</Filter>
    </ClCompile>
    <ClCompile Include="src\core\Engines\ADGR\Backend\Vulkan\Renderer Backend Layer\VulkanSkyBox.cpp">
      <Filter>src\core\Engines\ADGR\Backend\Vulkan\Renderer Backend Layer</Filter>
    </ClCompile>
    <ClCompile Include="src\core\Engines\ADGR\Backend\Vulkan\Renderer Backend Layer\VulkanTextObject.cpp">
      <Filter>src\core\Engines\ADGR\Backend\Vulkan\Renderer Backend Layer</Filter>
    </ClCompile>
    <ClCompile Include="src\core\Engines\ADGR\Backend\Vulkan\Renderer Backend Layer\VulkanTextOverlay.cpp">
      <Filter>src\core\Engines\ADGR\Backend\Vulkan\Renderer Backend Layer</Filter>
    </ClCompile>
    <ClCompile Include="src\core\Engines\ADGR\Backend\Vulkan\vulkanRenderer.cpp">
      <Filter>src\core\Engines\ADGR\Backend\Vulkan</Filter>
    </ClCompile>
    <ClCompile Include="src\core\Engines\ADGR\Backend\directx12\directx12Renderer.cpp">
      <Filter>src\core\Engines\ADGR\Backend\directx12</Filter>
    </ClCompile>
    <ClCompile Include="src\core\Engines\ADGR\Backend\opengl\backend\shader.cpp">
      <Filter>src\core\Engines\ADGR\Backend\opengl\backend</Filter>
    </ClCompile>
    <ClCompile Include="src\core\Engines\ADGR\Backend\opengl\backend\texture.cpp">
      <Filter>src\core\Engines\ADGR\Backend\opengl\backend</Filter>
    </ClCompile>
    <ClCompile Include="src\core\Engines\ADGR\Backend\opengl\backend\vertexAndIndexBuffer.cpp">
      <Filter>src\core\Engines\ADGR\Backend\opengl\backend</Filter>
    </ClCompile>
    <ClCompile Include="src\core\Engines\ADGR\Backend\opengl\backend\window.cpp">
      <Filter>src\core\Engines\ADGR\Backend\opengl\backend</Filter>
    </ClCompile>
    <ClCompile Include="src\core\Engines\ADGR\Backend\opengl\openglRenderer.cpp">
      <Filter>src\core\Engines\ADGR\Backend\opengl</Filter>
    </ClCompile>
    <ClCompile Include="src\core\Engines\ADGR\Layers\layer.cpp">
      <Filter>src\core\Engines\ADGR\Layers</Filter>
    </ClCompile>
    <ClCompile Include="src\core\Engines\ADGR\Layers\layerStack.cpp">
      <Filter>src\core\Engines\ADGR\Layers</Filter>
    </ClCompile>
    <ClCompile Include="src\core\Engines\ADGR\Renderer.cpp">
      <Filter>src\core\Engines\ADGR</Filter>
    </ClCompile>
    <ClCompile Include="src\core\Engines\ADGR\RendererThread.cpp">
      <Filter>src\core\Engines\ADGR</Filter>
    </ClCompile>
    <ClCompile Include="src\core\Engines\ADGR\Wrapper\dll_wrapper.cpp">
      <Filter>src\core\Engines\ADGR\Wrapper</Filter>
    </ClCompile>
    <ClCompile Include="src\core\Engines\ADGR\Wrapper\internal_wrapper.cpp">
      <Filter>src\core\Engines\ADGR\Wrapper</Filter>
    </ClCompile>
    <ClCompile Include="src\core\Engines\ADGR\rendererCommandQueue.cpp">
      <Filter>src\core\Engines\ADGR</Filter>
    </ClCompile>
    <ClCompile Include="src\core\Engines\ADGR\rendererFormat.cpp">
      <Filter>src\core\Engines\ADGR</Filter>
    </ClCompile>
    <ClCompile Include="src\core\Engines\Audio\Backend\AudioEngine.cpp">
      <Filter>src\core\Engines\Audio\Backend</Filter>
    </ClCompile>
    <ClCompile Include="src\core\Engines\Audio\Backend\AudioObject.cpp">
      <Filter>src\core\Engines\Audio\Backend</Filter>
    </ClCompile>
    <ClCompile Include="src\core\Engines\Audio\Backend\AudioObjectController.cpp">
      <Filter>src\core\Engines\Audio\Backend</Filter>
    </ClCompile>
    <ClCompile Include="src\core\Engines\Audio\Backend\AudioObjectControllers\BackgroundAudioController.cpp">
      <Filter>src\core\Engines\Audio\Backend\AudioObjectControllers</Filter>
    </ClCompile>
    <ClCompile Include="src\core\Engines\Audio\Backend\AudioObjectControllers\BasicAudioController.cpp">
      <Filter>src\core\Engines\Audio\Backend\AudioObjectControllers</Filter>
    </ClCompile>
    <ClCompile Include="src\core\Engines\Intellect\Backend\Intellect\neuralNetwork.cpp">
      <Filter>src\core\Engines\Intellect\Backend\Intellect</Filter>
    </ClCompile>
    <ClCompile Include="src\core\Engines\Intellect\Backend\Maths\mathDefinitions.cpp">
      <Filter>src\core\Engines\Intellect\Backend\Maths</Filter>
    </ClCompile>
    <ClCompile Include="src\core\Managers\Platform\Windows\file\daiFileManager.cpp">
      <Filter>src\core\Managers\Platform\Windows\file</Filter>
    </ClCompile>
    <ClCompile Include="src\core\Managers\Platform\Windows\file\duiFileManager.cpp">
      <Filter>src\core\Managers\Platform\Windows\file</Filter>
    </ClCompile>
    <ClCompile Include="src\core\Managers\Platform\Windows\file\fileManager.cpp">
      <Filter>src\core\Managers\Platform\Windows\file</Filter>
    </ClCompile>
    <ClCompile Include="src\core\Managers\Platform\Windows\file\readFile.cpp">
      <Filter>src\core\Managers\Platform\Windows\file</Filter>
    </ClCompile>
    <ClCompile Include="src\core\Managers\Platform\Windows\resource\imageLoader.cpp">
      <Filter>src\core\Managers\Platform\Windows\resource</Filter>
    </ClCompile>
    <ClCompile Include="src\core\Managers\Platform\Windows\resource\loadIcon.cpp">
      <Filter>src\core\Managers\Platform\Windows\resource</Filter>
    </ClCompile>
    <ClCompile Include="src\core\Managers\Platform\Windows\resource\modelManager.cpp">
      <Filter>src\core\Managers\Platform\Windows\resource</Filter>
    </ClCompile>
    <ClCompile Include="src\core\Managers\Platform\Windows\resource\objectLoader.cpp">
      <Filter>src\core\Managers\Platform\Windows\resource</Filter>
    </ClCompile>
    <ClCompile Include="src\core\Managers\Platform\Windows\thread\ExecutionHandle.cpp">
      <Filter>src\core\Managers\Platform\Windows\thread</Filter>
    </ClCompile>
    <ClCompile Include="src\core\Managers\Platform\Windows\thread\InternalThread.cpp">
      <Filter>src\core\Managers\Platform\Windows\thread</Filter>
    </ClCompile>
    <ClCompile Include="src\core\Managers\Platform\Windows\thread\threadManager.cpp">
      <Filter>src\core\Managers\Platform\Windows\thread</Filter>
    </ClCompile>
    <ClCompile Include="src\core\Managers\Platform\Windows\window.cpp">
      <Filter>src\core\Managers\Platform\Windows</Filter>
    </ClCompile>
    <ClCompile Include="src\core\Networking\Backend\client.cpp">
      <Filter>src\core\Networking\Backend</Filter>
    </ClCompile>
    <ClCompile Include="src\core\Networking\Backend\server.cpp">
      <Filter>src\core\Networking\Backend</Filter>
    </ClCompile>
    <ClCompile Include="src\core\application.cpp">
      <Filter>src\core</Filter>
    </ClCompile>
    <ClCompile Include="src\core\data store\internalFormat.cpp">
      <Filter>src\core\data store</Filter>
    </ClCompile>
    <ClCompile Include="src\core\engineControlUnit.cpp">
      <Filter>src\core</Filter>
    </ClCompile>
    <ClCompile Include="src\core\object mechanics\loadGameObjects.cpp">
      <Filter>src\core\object mechanics</Filter>
    </ClCompile>
    <ClCompile Include="src\core\utils\DMK_Math.cpp">
      <Filter>src\core\utils</Filter>
    </ClCompile>
    <ClCompile Include="src\core\utils\bfs.cpp">
      <Filter>src\core\utils</Filter>
    </ClCompile>
    <ClCompile Include="src\core\utils\dataStructures\heap.cpp">
      <Filter>src\core\utils\dataStructures</Filter>
    </ClCompile>
    <ClCompile Include="src\core\utils\dataStructures\linkedLists.cpp">
      <Filter>src\core\utils\dataStructures</Filter>
    </ClCompile>
    <ClCompile Include="src\core\utils\safeLock.cpp">
      <Filter>src\core\utils</Filter>
    </ClCompile>
    <ClCompile Include="src\dmkafx.cpp">
      <Filter>src</Filter>
    </ClCompile>
    <ClCompile Include="src\core\Engines\ADGR\Renderer3D.cpp" />
    <ClCompile Include="src\core\Interface\Window\Windows\WindowManager.cpp">
      <Filter>src\core\Engines\ADGR\Backend\Window\Windows</Filter>
    </ClCompile>
    <ClCompile Include="src\core\Interface\Events\EventManager.cpp" />
    <ClCompile Include="src\core\Objects\Texture\Texture.cpp" />
  </ItemGroup>
  <ItemGroup>
    <None Include="Dynamik.lua" />
    <None Include="IMPORTANT.txt" />
    <None Include="architecture.txt" />
    <None Include="src\core\media\license.txt">
      <Filter>src\core\media</Filter>
    </None>
  </ItemGroup>
</Project>