<?xml version="1.0" encoding="utf-8"?>
<Project ToolsVersion="4.0" xmlns="http://schemas.microsoft.com/developer/msbuild/2003">
  <ItemGroup>
    <Filter Include="src">
      <UniqueIdentifier>{2DAB880B-99B4-887C-2230-9F7C8E38947C}</UniqueIdentifier>
    </Filter>
    <Filter Include="src\Layers">
      <UniqueIdentifier>{4C4DA51D-3805-E76A-A10C-C0C68DE3815B}</UniqueIdentifier>
    </Filter>
    <Filter Include="src\Wrapper">
      <UniqueIdentifier>{FDF70A47-69AD-833C-F2A1-7D135E567A40}</UniqueIdentifier>
    </Filter>
    <Filter Include="src\core">
      <UniqueIdentifier>{C55F2ECF-B12C-89DA-DA45-7782C671BE68}</UniqueIdentifier>
    </Filter>
    <Filter Include="src\core\Window">
      <UniqueIdentifier>{0C5DA260-78E8-0F25-81F9-9219ED036C25}</UniqueIdentifier>
    </Filter>
    <Filter Include="src\core\Window\Windows">
      <UniqueIdentifier>{46539213-B28A-DAAA-BB94-3ECE274B01A4}</UniqueIdentifier>
    </Filter>
    <Filter Include="src\core\base">
      <UniqueIdentifier>{8FEB13E5-FBAB-8F1B-C4E6-D8983066D4F7}</UniqueIdentifier>
    </Filter>
    <Filter Include="src\core\directx12">
      <UniqueIdentifier>{0AE41E88-F6C7-DFDD-5F28-DA304B2BCA5F}</UniqueIdentifier>
    </Filter>
    <Filter Include="src\core\opengl">
      <UniqueIdentifier>{B9111899-259D-855D-2EAE-08529AB8E15D}</UniqueIdentifier>
    </Filter>
    <Filter Include="src\core\opengl\backend">
      <UniqueIdentifier>{9059E863-FC90-30FB-059B-941E715157F4}</UniqueIdentifier>
    </Filter>
    <Filter Include="src\core\opengl\backend\data structures">
      <UniqueIdentifier>{BD5D1A22-29ED-DB0C-32E9-BC249EF71619}</UniqueIdentifier>
    </Filter>
    <Filter Include="src\core\vulkan">
      <UniqueIdentifier>{C571CAA9-31FD-376E-3A0E-BB62A618946E}</UniqueIdentifier>
    </Filter>
    <Filter Include="src\core\vulkan\Renderer Backend Layer">
      <UniqueIdentifier>{30A9E146-1CFB-B836-051A-F646F10AD21F}</UniqueIdentifier>
    </Filter>
    <Filter Include="src\core\vulkan\Renderer Backend Layer\Managers">
      <UniqueIdentifier>{0DC1EEF4-79FC-4EB8-82F1-CB47EEABD3E8}</UniqueIdentifier>
    </Filter>
    <Filter Include="src\core\vulkan\Renderer Backend Layer\Managers\Objects">
      <UniqueIdentifier>{C61C11CC-3204-FCC1-3BF2-FD3DA7589F84}</UniqueIdentifier>
    </Filter>
  </ItemGroup>
  <ItemGroup>
    <ClInclude Include="src\ADGR.h">
      <Filter>src</Filter>
    </ClInclude>
    <ClInclude Include="src\Layers\layer.h">
      <Filter>src\Layers</Filter>
    </ClInclude>
    <ClInclude Include="src\Layers\layerStack.h">
      <Filter>src\Layers</Filter>
    </ClInclude>
    <ClInclude Include="src\Renderer.h">
      <Filter>src</Filter>
    </ClInclude>
    <ClInclude Include="src\RendererThread.h">
      <Filter>src</Filter>
    </ClInclude>
    <ClInclude Include="src\UniformBufferObject.h">
      <Filter>src</Filter>
    </ClInclude>
    <ClInclude Include="src\Wrapper\dll_wrapper.h">
      <Filter>src\Wrapper</Filter>
    </ClInclude>
    <ClInclude Include="src\Wrapper\internal_wrapper.h">
      <Filter>src\Wrapper</Filter>
    </ClInclude>
    <ClInclude Include="src\adgrafx.h">
      <Filter>src</Filter>
    </ClInclude>
    <ClInclude Include="src\core\Window\Windows\WindowManager.h">
      <Filter>src\core\Window\Windows</Filter>
    </ClInclude>
    <ClInclude Include="src\core\base\RendererBackendBase.h">
      <Filter>src\core\base</Filter>
    </ClInclude>
    <ClInclude Include="src\core\directx12\directx12Renderer.h">
      <Filter>src\core\directx12</Filter>
    </ClInclude>
    <ClInclude Include="src\core\opengl\backend\data structures\opengl.h">
      <Filter>src\core\opengl\backend\data structures</Filter>
    </ClInclude>
    <ClInclude Include="src\core\opengl\backend\openglFormat.h">
      <Filter>src\core\opengl\backend</Filter>
    </ClInclude>
    <ClInclude Include="src\core\opengl\backend\shader.h">
      <Filter>src\core\opengl\backend</Filter>
    </ClInclude>
    <ClInclude Include="src\core\opengl\backend\texture.h">
      <Filter>src\core\opengl\backend</Filter>
    </ClInclude>
    <ClInclude Include="src\core\opengl\backend\vertexAndIndexBuffer.h">
      <Filter>src\core\opengl\backend</Filter>
    </ClInclude>
    <ClInclude Include="src\core\opengl\backend\window.h">
      <Filter>src\core\opengl\backend</Filter>
    </ClInclude>
    <ClInclude Include="src\core\opengl\openglRenderer.h">
      <Filter>src\core\opengl</Filter>
    </ClInclude>
    <ClInclude Include="src\core\vulkan\Renderer Backend Layer\Managers\VulkanControlHeader.h">
      <Filter>src\core\vulkan\Renderer Backend Layer\Managers</Filter>
    </ClInclude>
    <ClInclude Include="src\core\vulkan\Renderer Backend Layer\Managers\VulkanExtensionsManager.h">
      <Filter>src\core\vulkan\Renderer Backend Layer\Managers</Filter>
    </ClInclude>
    <ClInclude Include="src\core\vulkan\Renderer Backend Layer\Managers\VulkanFunctions.h">
      <Filter>src\core\vulkan\Renderer Backend Layer\Managers</Filter>
    </ClInclude>
    <ClInclude Include="src\core\vulkan\Renderer Backend Layer\Managers\VulkanOneTimeCommandBufferManager.h">
      <Filter>src\core\vulkan\Renderer Backend Layer\Managers</Filter>
    </ClInclude>
    <ClInclude Include="src\core\vulkan\Renderer Backend Layer\Managers\VulkanRBLIndex.h">
      <Filter>src\core\vulkan\Renderer Backend Layer\Managers</Filter>
    </ClInclude>
    <ClInclude Include="src\core\vulkan\Renderer Backend Layer\Managers\VulkanValidator.h">
      <Filter>src\core\vulkan\Renderer Backend Layer\Managers</Filter>
    </ClInclude>
    <ClInclude Include="src\core\vulkan\Renderer Backend Layer\VulkanRBL3D.h">
      <Filter>src\core\vulkan\Renderer Backend Layer</Filter>
    </ClInclude>
    <ClInclude Include="src\core\vulkan\vulkanRenderer.h">
      <Filter>src\core\vulkan</Filter>
    </ClInclude>
    <ClInclude Include="src\defines.h">
      <Filter>src</Filter>
    </ClInclude>
    <ClInclude Include="src\interface.h">
      <Filter>src</Filter>
    </ClInclude>
    <ClInclude Include="src\rendererCommandQueue.h">
      <Filter>src</Filter>
    </ClInclude>
    <ClInclude Include="src\rendererFormat.h">
      <Filter>src</Filter>
    </ClInclude>
    <ClInclude Include="src\core\vulkan\Renderer Backend Layer\Managers\VulkanRenderableObject.h" />
    <ClInclude Include="src\core\vulkan\Renderer Backend Layer\Managers\VulkanCore.h" />
    <ClInclude Include="src\core\vulkan\Renderer Backend Layer\Managers\VulkanDepthBuffer.h" />
    <ClInclude Include="src\core\vulkan\Renderer Backend Layer\Managers\VulkanColorBuffer.h" />
    <ClInclude Include="src\core\vulkan\Renderer Backend Layer\Managers\VulkanShader.h" />
  </ItemGroup>
  <ItemGroup>
    <ClCompile Include="src\Layers\layer.cpp">
      <Filter>src\Layers</Filter>
    </ClCompile>
    <ClCompile Include="src\Layers\layerStack.cpp">
      <Filter>src\Layers</Filter>
    </ClCompile>
    <ClCompile Include="src\Renderer.cpp">
      <Filter>src</Filter>
    </ClCompile>
    <ClCompile Include="src\RendererThread.cpp">
      <Filter>src</Filter>
    </ClCompile>
    <ClCompile Include="src\Wrapper\dll_wrapper.cpp">
      <Filter>src\Wrapper</Filter>
    </ClCompile>
    <ClCompile Include="src\Wrapper\internal_wrapper.cpp">
      <Filter>src\Wrapper</Filter>
    </ClCompile>
    <ClCompile Include="src\adgrafx.cpp">
      <Filter>src</Filter>
    </ClCompile>
    <ClCompile Include="src\core\Window\Windows\WindowManager.cpp">
      <Filter>src\core\Window\Windows</Filter>
    </ClCompile>
    <ClCompile Include="src\core\directx12\directx12Renderer.cpp">
      <Filter>src\core\directx12</Filter>
    </ClCompile>
    <ClCompile Include="src\core\opengl\backend\shader.cpp">
      <Filter>src\core\opengl\backend</Filter>
    </ClCompile>
    <ClCompile Include="src\core\opengl\backend\texture.cpp">
      <Filter>src\core\opengl\backend</Filter>
    </ClCompile>
    <ClCompile Include="src\core\opengl\backend\vertexAndIndexBuffer.cpp">
      <Filter>src\core\opengl\backend</Filter>
    </ClCompile>
    <ClCompile Include="src\core\opengl\backend\window.cpp">
      <Filter>src\core\opengl\backend</Filter>
    </ClCompile>
    <ClCompile Include="src\core\opengl\openglRenderer.cpp">
      <Filter>src\core\opengl</Filter>
    </ClCompile>
    <ClCompile Include="src\core\vulkan\Renderer Backend Layer\Managers\VulkanExtensionsManager.cpp">
      <Filter>src\core\vulkan\Renderer Backend Layer\Managers</Filter>
    </ClCompile>
    <ClCompile Include="src\core\vulkan\Renderer Backend Layer\Managers\VulkanFunctions.cpp">
      <Filter>src\core\vulkan\Renderer Backend Layer\Managers</Filter>
    </ClCompile>
    <ClCompile Include="src\core\vulkan\Renderer Backend Layer\Managers\VulkanOneTimeCommandBufferManager.cpp">
      <Filter>src\core\vulkan\Renderer Backend Layer\Managers</Filter>
    </ClCompile>
    <ClCompile Include="src\core\vulkan\Renderer Backend Layer\Managers\VulkanValidator.cpp">
      <Filter>src\core\vulkan\Renderer Backend Layer\Managers</Filter>
    </ClCompile>
    <ClCompile Include="src\core\vulkan\Renderer Backend Layer\VulkanRBL3D.cpp">
      <Filter>src\core\vulkan\Renderer Backend Layer</Filter>
    </ClCompile>
    <ClCompile Include="src\core\vulkan\vulkanRenderer.cpp">
      <Filter>src\core\vulkan</Filter>
    </ClCompile>
    <ClCompile Include="src\rendererCommandQueue.cpp">
      <Filter>src</Filter>
    </ClCompile>
    <ClCompile Include="src\rendererFormat.cpp">
      <Filter>src</Filter>
    </ClCompile>
    <ClCompile Include="src\core\vulkan\Renderer Backend Layer\Managers\VulkanRenderableObject.cpp" />
    <ClCompile Include="src\core\vulkan\Renderer Backend Layer\Managers\VulkanCore.cpp" />
    <ClCompile Include="src\core\vulkan\Renderer Backend Layer\Managers\VulkanDepthBuffer.cpp" />
    <ClCompile Include="src\core\vulkan\Renderer Backend Layer\Managers\VulkanColorBuffer.cpp" />
    <ClCompile Include="src\core\vulkan\Renderer Backend Layer\Managers\VulkanShader.cpp" />
  </ItemGroup>
  <ItemGroup>
    <None Include="ADGR.lua" />
  </ItemGroup>
</Project>