<?xml version="1.0" encoding="utf-8"?>
<Project ToolsVersion="4.0" xmlns="http://schemas.microsoft.com/developer/msbuild/2003">
  <ItemGroup>
    <Filter Include="src">
      <UniqueIdentifier>{2DAB880B-99B4-887C-2230-9F7C8E38947C}</UniqueIdentifier>
    </Filter>
    <Filter Include="src\Layers">
      <UniqueIdentifier>{4C4DA51D-3805-E76A-A10C-C0C68DE3815B}</UniqueIdentifier>
    </Filter>
    <Filter Include="src\Wrapper">
      <UniqueIdentifier>{FDF70A47-69AD-833C-F2A1-7D135E567A40}</UniqueIdentifier>
    </Filter>
    <Filter Include="src\core">
      <UniqueIdentifier>{C55F2ECF-B12C-89DA-DA45-7782C671BE68}</UniqueIdentifier>
    </Filter>
    <Filter Include="src\core\Components">
      <UniqueIdentifier>{BABF888E-2621-669C-AF8E-AC4E1BEF9C5B}</UniqueIdentifier>
    </Filter>
    <Filter Include="src\core\Window">
      <UniqueIdentifier>{0C5DA260-78E8-0F25-81F9-9219ED036C25}</UniqueIdentifier>
    </Filter>
    <Filter Include="src\core\Window\Windows">
      <UniqueIdentifier>{46539213-B28A-DAAA-BB94-3ECE274B01A4}</UniqueIdentifier>
    </Filter>
    <Filter Include="src\core\base">
      <UniqueIdentifier>{8FEB13E5-FBAB-8F1B-C4E6-D8983066D4F7}</UniqueIdentifier>
    </Filter>
    <Filter Include="src\core\directx12">
      <UniqueIdentifier>{0AE41E88-F6C7-DFDD-5F28-DA304B2BCA5F}</UniqueIdentifier>
    </Filter>
    <Filter Include="src\core\opengl">
      <UniqueIdentifier>{B9111899-259D-855D-2EAE-08529AB8E15D}</UniqueIdentifier>
    </Filter>
    <Filter Include="src\core\opengl\backend">
      <UniqueIdentifier>{9059E863-FC90-30FB-059B-941E715157F4}</UniqueIdentifier>
    </Filter>
    <Filter Include="src\core\opengl\backend\data structures">
      <UniqueIdentifier>{BD5D1A22-29ED-DB0C-32E9-BC249EF71619}</UniqueIdentifier>
    </Filter>
    <Filter Include="src\core\vulkan">
      <UniqueIdentifier>{C571CAA9-31FD-376E-3A0E-BB62A618946E}</UniqueIdentifier>
    </Filter>
    <Filter Include="src\core\vulkan\Renderer Backend Layer">
      <UniqueIdentifier>{30A9E146-1CFB-B836-051A-F646F10AD21F}</UniqueIdentifier>
    </Filter>
    <Filter Include="src\core\vulkan\Renderer Backend Layer\Animations">
      <UniqueIdentifier>{7262F396-DE28-50B3-2784-DE159389BE17}</UniqueIdentifier>
    </Filter>
    <Filter Include="src\core\vulkan\Renderer Backend Layer\Objects">
      <UniqueIdentifier>{E9776FA3-D5F5-BF3C-BEED-7DD4AA0A0265}</UniqueIdentifier>
    </Filter>
  </ItemGroup>
  <ItemGroup>
    <ClInclude Include="src\ADGR.h">
      <Filter>src</Filter>
    </ClInclude>
    <ClInclude Include="src\Layers\layer.h">
      <Filter>src\Layers</Filter>
    </ClInclude>
    <ClInclude Include="src\Layers\layerStack.h">
      <Filter>src\Layers</Filter>
    </ClInclude>
    <ClInclude Include="src\Renderer.h">
      <Filter>src</Filter>
    </ClInclude>
    <ClInclude Include="src\RendererThread.h">
      <Filter>src</Filter>
    </ClInclude>
    <ClInclude Include="src\UniformBufferObject.h">
      <Filter>src</Filter>
    </ClInclude>
    <ClInclude Include="src\Wrapper\dll_wrapper.h">
      <Filter>src\Wrapper</Filter>
    </ClInclude>
    <ClInclude Include="src\Wrapper\internal_wrapper.h">
      <Filter>src\Wrapper</Filter>
    </ClInclude>
    <ClInclude Include="src\adgrafx.h">
      <Filter>src</Filter>
    </ClInclude>
    <ClInclude Include="src\core\Components\TextOverlay.h">
      <Filter>src\core\Components</Filter>
    </ClInclude>
    <ClInclude Include="src\core\Window\Windows\WindowManager.h">
      <Filter>src\core\Window\Windows</Filter>
    </ClInclude>
    <ClInclude Include="src\core\base\RendererBackendBase.h">
      <Filter>src\core\base</Filter>
    </ClInclude>
    <ClInclude Include="src\core\directx12\directx12Renderer.h">
      <Filter>src\core\directx12</Filter>
    </ClInclude>
    <ClInclude Include="src\core\opengl\backend\data structures\opengl.h">
      <Filter>src\core\opengl\backend\data structures</Filter>
    </ClInclude>
    <ClInclude Include="src\core\opengl\backend\openglFormat.h">
      <Filter>src\core\opengl\backend</Filter>
    </ClInclude>
    <ClInclude Include="src\core\opengl\backend\shader.h">
      <Filter>src\core\opengl\backend</Filter>
    </ClInclude>
    <ClInclude Include="src\core\opengl\backend\texture.h">
      <Filter>src\core\opengl\backend</Filter>
    </ClInclude>
    <ClInclude Include="src\core\opengl\backend\vertexAndIndexBuffer.h">
      <Filter>src\core\opengl\backend</Filter>
    </ClInclude>
    <ClInclude Include="src\core\opengl\backend\window.h">
      <Filter>src\core\opengl\backend</Filter>
    </ClInclude>
    <ClInclude Include="src\core\opengl\openglRenderer.h">
      <Filter>src\core\opengl</Filter>
    </ClInclude>
    <ClInclude Include="src\core\vulkan\Renderer Backend Layer\Animations\VulkanSkeletalAnimation.h">
      <Filter>src\core\vulkan\Renderer Backend Layer\Animations</Filter>
    </ClInclude>
    <ClInclude Include="src\core\vulkan\Renderer Backend Layer\VulkanObject2D.h">
      <Filter>src\core\vulkan\Renderer Backend Layer</Filter>
    </ClInclude>
    <ClInclude Include="src\core\vulkan\Renderer Backend Layer\VulkanObject3D.h">
      <Filter>src\core\vulkan\Renderer Backend Layer</Filter>
    </ClInclude>
    <ClInclude Include="src\core\vulkan\Renderer Backend Layer\VulkanReflectObject.h">
      <Filter>src\core\vulkan\Renderer Backend Layer</Filter>
    </ClInclude>
    <ClInclude Include="src\core\vulkan\Renderer Backend Layer\VulkanSkyBox.h">
      <Filter>src\core\vulkan\Renderer Backend Layer</Filter>
    </ClInclude>
    <ClInclude Include="src\core\vulkan\Renderer Backend Layer\VulkanTextObject.h">
      <Filter>src\core\vulkan\Renderer Backend Layer</Filter>
    </ClInclude>
    <ClInclude Include="src\core\vulkan\Renderer Backend Layer\VulkanTextOverlay.h">
      <Filter>src\core\vulkan\Renderer Backend Layer</Filter>
    </ClInclude>
    <ClInclude Include="src\core\vulkan\vulkanRenderer.h">
      <Filter>src\core\vulkan</Filter>
    </ClInclude>
    <ClInclude Include="src\defines.h">
      <Filter>src</Filter>
    </ClInclude>
    <ClInclude Include="src\interface.h">
      <Filter>src</Filter>
    </ClInclude>
    <ClInclude Include="src\rendererCommandQueue.h">
      <Filter>src</Filter>
    </ClInclude>
    <ClInclude Include="src\rendererFormat.h">
      <Filter>src</Filter>
    </ClInclude>
    <ClInclude Include="src\core\vulkan\Renderer Backend Layer\VulkanAnimationManager.h" />
    <ClInclude Include="src\core\vulkan\Renderer Backend Layer\VulkanPBRObject.h" />
    <ClInclude Include="src\core\Components\Camera\AnimationCamera.h" />
    <ClInclude Include="src\core\Components\Camera\Camera.h">
      <Filter>src\core\Components</Filter>
    </ClInclude>
    <ClInclude Include="src\core\Components\Camera\Camera2D.h">
      <Filter>src\core\Components</Filter>
    </ClInclude>
    <ClInclude Include="src\core\Components\Camera\Camera3D.h">
      <Filter>src\core\Components</Filter>
    </ClInclude>
    <ClInclude Include="src\core\Components\Camera\CameraReflect.h">
      <Filter>src\core\Components</Filter>
    </ClInclude>
    <ClInclude Include="src\core\Components\Camera\CameraSkybox.h">
      <Filter>src\core\Components</Filter>
    </ClInclude>
    <ClInclude Include="src\core\vulkan\Renderer Backend Layer\VulkanOffsceenFrameBuffer.h" />
    <ClInclude Include="src\core\vulkan\Renderer Backend Layer\Compute\VulkanComputeCore.h" />
    <ClInclude Include="src\core\vulkan\Renderer Backend Layer\Compute\VulkanComputeManager.h" />
    <ClInclude Include="src\core\vulkan\Renderer Backend Layer\Compute\VulkanComputeObject.h" />
    <ClInclude Include="src\core\vulkan\Renderer Backend Layer\Compute\VulkanComputePipeline.h" />
    <ClInclude Include="src\core\vulkan\Renderer Backend Layer\Compute\VulkanComputeDescriptor.h" />
    <ClInclude Include="src\core\vulkan\Renderer Backend Layer\Compute\VulkanComputeCommandBuffer.h" />
    <ClInclude Include="src\core\vulkan\Renderer Backend Layer\Compute\VulkanOneTimeCompute.h" />
    <ClInclude Include="src\core\vulkan\Renderer Backend Layer\Compute\VulkanComputeBufferObject.h" />
    <ClInclude Include="src\core\vulkan\Renderer Backend Layer\Compute\VulkanComputeImageObject.h" />
    <ClInclude Include="src\core\vulkan\Renderer Backend Layer\Compute\VulkanComputeOneTimeCommandBuffer.h" />
    <ClInclude Include="src\core\vulkan\Renderer Backend Layer\Graphics\VulkanControlHeader.h">
      <Filter>src\core\vulkan\Renderer Backend Layer\Objects</Filter>
    </ClInclude>
    <ClInclude Include="src\core\vulkan\Renderer Backend Layer\Graphics\VulkanGraphicsColorBuffer.h">
      <Filter>src\core\vulkan\Renderer Backend Layer\Objects</Filter>
    </ClInclude>
    <ClInclude Include="src\core\vulkan\Renderer Backend Layer\Graphics\VulkanGraphicsCommandBuffer.h">
      <Filter>src\core\vulkan\Renderer Backend Layer\Objects</Filter>
    </ClInclude>
    <ClInclude Include="src\core\vulkan\Renderer Backend Layer\Graphics\VulkanGraphicsCore.h">
      <Filter>src\core\vulkan\Renderer Backend Layer\Objects</Filter>
    </ClInclude>
    <ClInclude Include="src\core\vulkan\Renderer Backend Layer\Graphics\VulkanGraphicsDepthBuffer.h">
      <Filter>src\core\vulkan\Renderer Backend Layer\Objects</Filter>
    </ClInclude>
    <ClInclude Include="src\core\vulkan\Renderer Backend Layer\Graphics\VulkanGraphicsFrameBuffer.h" />
    <ClInclude Include="src\core\vulkan\Renderer Backend Layer\Graphics\VulkanGraphicsFunctions.h">
      <Filter>src\core\vulkan\Renderer Backend Layer\Objects</Filter>
    </ClInclude>
    <ClInclude Include="src\core\vulkan\Renderer Backend Layer\Graphics\VulkanGraphicsPipeline.h" />
    <ClInclude Include="src\core\vulkan\Renderer Backend Layer\Graphics\VulkanGraphicsPushConstant.h" />
    <ClInclude Include="src\core\vulkan\Renderer Backend Layer\Graphics\VulkanGraphicsRenderableObject.h">
      <Filter>src\core\vulkan\Renderer Backend Layer\Objects</Filter>
    </ClInclude>
    <ClInclude Include="src\core\vulkan\Renderer Backend Layer\Graphics\VulkanGraphicsShader.h">
      <Filter>src\core\vulkan\Renderer Backend Layer\Objects</Filter>
    </ClInclude>
    <ClInclude Include="src\core\vulkan\Renderer Backend Layer\Graphics\VulkanGraphicsSwapChain.h">
      <Filter>src\core\vulkan\Renderer Backend Layer\Objects</Filter>
    </ClInclude>
    <ClInclude Include="src\core\vulkan\Renderer Backend Layer\VulkanGraphicsSwapChain3D.h">
      <Filter>src\core\vulkan\Renderer Backend Layer</Filter>
    </ClInclude>
    <ClInclude Include="src\core\vulkan\Renderer Backend Layer\Compute\VulkanComputeShader.h" />
    <ClInclude Include="src\core\vulkan\Renderer Backend Layer\Compute\VulkanComputeFunctions.h" />
    <ClInclude Include="src\core\vulkan\Renderer Backend Layer\Graphics\VulkanGraphicsRBLIndex.h">
      <Filter>src\core\vulkan\Renderer Backend Layer\Objects</Filter>
    </ClInclude>
    <ClInclude Include="src\core\vulkan\Renderer Backend Layer\Compute\VulkanComputeRBLIndex.h" />
    <ClInclude Include="src\core\vulkan\Renderer Backend Layer\VulkanBRDF.h" />
    <ClInclude Include="src\core\vulkan\Renderer Backend Layer\Graphics\VulkanGraphicsDescriptor.h" />
    <ClInclude Include="src\core\vulkan\Renderer Backend Layer\Common\VulkanDescriptor.h" />
    <ClInclude Include="src\core\vulkan\Renderer Backend Layer\VulkanIrradianceCube.h" />
    <ClInclude Include="src\core\vulkan\Renderer Backend Layer\Graphics\VulkanGraphicsSupportObject.h" />
    <ClInclude Include="src\core\vulkan\Renderer Backend Layer\Common\VulkanExtensionsManager.h">
      <Filter>src\core\vulkan\Renderer Backend Layer\Objects</Filter>
    </ClInclude>
    <ClInclude Include="src\core\vulkan\Renderer Backend Layer\Common\VulkanUtilities.h">
      <Filter>src\core\vulkan\Renderer Backend Layer\Objects</Filter>
    </ClInclude>
    <ClInclude Include="src\core\vulkan\Renderer Backend Layer\Common\VulkanValidator.h">
      <Filter>src\core\vulkan\Renderer Backend Layer\Objects</Filter>
    </ClInclude>
    <ClInclude Include="src\core\vulkan\Renderer Backend Layer\Graphics\VulkanGraphicsOneTimeCommandBuffer.h">
      <Filter>src\core\vulkan\Renderer Backend Layer\Objects</Filter>
    </ClInclude>
    <ClInclude Include="src\core\vulkan\Renderer Backend Layer\VulkanPrefilteredCube.h" />
    <ClInclude Include="src\core\vulkan\Renderer Backend Layer\VulkanParticleSystem.h" />
    <ClInclude Include="src\core\vulkan\Renderer Backend Layer\Common\VulkanAttachment.h" />
    <ClInclude Include="src\core\vulkan\Renderer Backend Layer\Graphics\Attachments\VulkanGraphicsAttachment.h" />
    <ClInclude Include="src\core\vulkan\Renderer Backend Layer\Graphics\Attachments\VulkanGraphicsTextureAttachment.h" />
    <ClInclude Include="src\core\vulkan\Renderer Backend Layer\Graphics\Attachments\VulkanGraphicsTextureAttachment2D.h" />
  </ItemGroup>
  <ItemGroup>
    <ClCompile Include="src\Layers\layer.cpp">
      <Filter>src\Layers</Filter>
    </ClCompile>
    <ClCompile Include="src\Layers\layerStack.cpp">
      <Filter>src\Layers</Filter>
    </ClCompile>
    <ClCompile Include="src\Renderer.cpp">
      <Filter>src</Filter>
    </ClCompile>
    <ClCompile Include="src\RendererThread.cpp">
      <Filter>src</Filter>
    </ClCompile>
    <ClCompile Include="src\Wrapper\dll_wrapper.cpp">
      <Filter>src\Wrapper</Filter>
    </ClCompile>
    <ClCompile Include="src\Wrapper\internal_wrapper.cpp">
      <Filter>src\Wrapper</Filter>
    </ClCompile>
    <ClCompile Include="src\adgrafx.cpp">
      <Filter>src</Filter>
    </ClCompile>
    <ClCompile Include="src\core\Window\Windows\WindowManager.cpp">
      <Filter>src\core\Window\Windows</Filter>
    </ClCompile>
    <ClCompile Include="src\core\directx12\directx12Renderer.cpp">
      <Filter>src\core\directx12</Filter>
    </ClCompile>
    <ClCompile Include="src\core\opengl\backend\shader.cpp">
      <Filter>src\core\opengl\backend</Filter>
    </ClCompile>
    <ClCompile Include="src\core\opengl\backend\texture.cpp">
      <Filter>src\core\opengl\backend</Filter>
    </ClCompile>
    <ClCompile Include="src\core\opengl\backend\vertexAndIndexBuffer.cpp">
      <Filter>src\core\opengl\backend</Filter>
    </ClCompile>
    <ClCompile Include="src\core\opengl\backend\window.cpp">
      <Filter>src\core\opengl\backend</Filter>
    </ClCompile>
    <ClCompile Include="src\core\opengl\openglRenderer.cpp">
      <Filter>src\core\opengl</Filter>
    </ClCompile>
    <ClCompile Include="src\core\vulkan\Renderer Backend Layer\Animations\VulkanSkeletalAnimation.cpp">
      <Filter>src\core\vulkan\Renderer Backend Layer\Animations</Filter>
    </ClCompile>
    <ClCompile Include="src\core\vulkan\Renderer Backend Layer\VulkanReflectObject.cpp">
      <Filter>src\core\vulkan\Renderer Backend Layer</Filter>
    </ClCompile>
    <ClCompile Include="src\core\vulkan\Renderer Backend Layer\VulkanSkyBox.cpp">
      <Filter>src\core\vulkan\Renderer Backend Layer</Filter>
    </ClCompile>
    <ClCompile Include="src\core\vulkan\Renderer Backend Layer\VulkanTextObject.cpp">
      <Filter>src\core\vulkan\Renderer Backend Layer</Filter>
    </ClCompile>
    <ClCompile Include="src\core\vulkan\Renderer Backend Layer\VulkanTextOverlay.cpp">
      <Filter>src\core\vulkan\Renderer Backend Layer</Filter>
    </ClCompile>
    <ClCompile Include="src\core\vulkan\vulkanRenderer.cpp">
      <Filter>src\core\vulkan</Filter>
    </ClCompile>
    <ClCompile Include="src\rendererCommandQueue.cpp">
      <Filter>src</Filter>
    </ClCompile>
    <ClCompile Include="src\rendererFormat.cpp">
      <Filter>src</Filter>
    </ClCompile>
    <ClCompile Include="src\core\vulkan\Renderer Backend Layer\VulkanAnimationManager.cpp" />
    <ClCompile Include="src\core\vulkan\Renderer Backend Layer\VulkanPBRObject.cpp" />
    <ClCompile Include="src\core\Components\Camera\AnimationCamera.cpp" />
    <ClCompile Include="src\core\Components\Camera\Camera.cpp">
      <Filter>src\core\Components</Filter>
    </ClCompile>
    <ClCompile Include="src\core\Components\Camera\Camera2D.cpp">
      <Filter>src\core\Components</Filter>
    </ClCompile>
    <ClCompile Include="src\core\Components\Camera\Camera3D.cpp">
      <Filter>src\core\Components</Filter>
    </ClCompile>
    <ClCompile Include="src\core\Components\Camera\CameraReflect.cpp">
      <Filter>src\core\Components</Filter>
    </ClCompile>
    <ClCompile Include="src\core\Components\Camera\CameraSkybox.cpp">
      <Filter>src\core\Components</Filter>
    </ClCompile>
    <ClCompile Include="src\core\vulkan\Renderer Backend Layer\VulkanOffscreenFrameBuffer.cpp" />
    <ClCompile Include="src\core\vulkan\Renderer Backend Layer\Compute\ComputeExample.cpp" />
    <ClCompile Include="src\core\vulkan\Renderer Backend Layer\Compute\VulkanComputeCore.cpp" />
    <ClCompile Include="src\core\vulkan\Renderer Backend Layer\Compute\VulkanComputeManager.cpp" />
    <ClCompile Include="src\core\vulkan\Renderer Backend Layer\Compute\VulkanComputeObject.cpp" />
    <ClCompile Include="src\core\vulkan\Renderer Backend Layer\Compute\VulkanComputePipeline.cpp" />
    <ClCompile Include="src\core\vulkan\Renderer Backend Layer\Compute\VulkanComputeDescriptor.cpp" />
    <ClCompile Include="src\core\vulkan\Renderer Backend Layer\Compute\VulkanComputeCommandBuffer.cpp" />
    <ClCompile Include="src\core\vulkan\Renderer Backend Layer\Compute\VulkanOneTimeCompute.cpp" />
    <ClCompile Include="src\core\vulkan\Renderer Backend Layer\Compute\VulkanComputeBufferObject.cpp" />
    <ClCompile Include="src\core\vulkan\Renderer Backend Layer\Compute\VulkanComputeImageObject.cpp" />
    <ClCompile Include="src\core\vulkan\Renderer Backend Layer\Compute\VulkanComputeOneTimeCommandBuffer.cpp" />
    <ClCompile Include="src\core\vulkan\Renderer Backend Layer\Graphics\VulkanGraphicsColorBuffer.cpp">
      <Filter>src\core\vulkan\Renderer Backend Layer\Objects</Filter>
    </ClCompile>
    <ClCompile Include="src\core\vulkan\Renderer Backend Layer\Graphics\VulkanGraphicsCommandBuffer.cpp">
      <Filter>src\core\vulkan\Renderer Backend Layer\Objects</Filter>
    </ClCompile>
    <ClCompile Include="src\core\vulkan\Renderer Backend Layer\Graphics\VulkanGraphicsCore.cpp">
      <Filter>src\core\vulkan\Renderer Backend Layer\Objects</Filter>
    </ClCompile>
    <ClCompile Include="src\core\vulkan\Renderer Backend Layer\Graphics\VulkanGraphicsDepthBuffer.cpp">
      <Filter>src\core\vulkan\Renderer Backend Layer\Objects</Filter>
    </ClCompile>
    <ClCompile Include="src\core\vulkan\Renderer Backend Layer\Graphics\VulkanGraphicsFrameBuffer.cpp" />
    <ClCompile Include="src\core\vulkan\Renderer Backend Layer\Graphics\VulkanGraphicsFunctions.cpp">
      <Filter>src\core\vulkan\Renderer Backend Layer\Objects</Filter>
    </ClCompile>
    <ClCompile Include="src\core\vulkan\Renderer Backend Layer\Graphics\VulkanGraphicsPipeline.cpp" />
    <ClCompile Include="src\core\vulkan\Renderer Backend Layer\Graphics\VulkanGraphicsPushConstant.cpp" />
    <ClCompile Include="src\core\vulkan\Renderer Backend Layer\Graphics\VulkanGraphicsRenderableObject.cpp">
      <Filter>src\core\vulkan\Renderer Backend Layer\Objects</Filter>
    </ClCompile>
    <ClCompile Include="src\core\vulkan\Renderer Backend Layer\Graphics\VulkanGraphicsShader.cpp">
      <Filter>src\core\vulkan\Renderer Backend Layer\Objects</Filter>
    </ClCompile>
    <ClCompile Include="src\core\vulkan\Renderer Backend Layer\Graphics\VulkanGraphicsSwapChain.cpp">
      <Filter>src\core\vulkan\Renderer Backend Layer\Objects</Filter>
    </ClCompile>
    <ClCompile Include="src\core\vulkan\Renderer Backend Layer\VulkanGraphicsSwapChain3D.cpp">
      <Filter>src\core\vulkan\Renderer Backend Layer</Filter>
    </ClCompile>
    <ClCompile Include="src\core\vulkan\Renderer Backend Layer\Compute\VulkanComputeShader.cpp" />
    <ClCompile Include="src\core\vulkan\Renderer Backend Layer\Compute\VulkanComputeFunctions.cpp" />
    <ClCompile Include="src\core\vulkan\Renderer Backend Layer\VulkanBRDF.cpp" />
    <ClCompile Include="src\core\vulkan\Renderer Backend Layer\Graphics\VulkanGraphicsDescriptor.cpp" />
    <ClCompile Include="src\core\vulkan\Renderer Backend Layer\Common\VulkanDescriptor.cpp" />
    <ClCompile Include="src\core\vulkan\Renderer Backend Layer\VulkanIrradianceCube.cpp" />
    <ClCompile Include="src\core\vulkan\Renderer Backend Layer\Common\VulkanExtensionsManager.cpp">
      <Filter>src\core\vulkan\Renderer Backend Layer\Objects</Filter>
    </ClCompile>
    <ClCompile Include="src\core\vulkan\Renderer Backend Layer\Common\VulkanUtilities.cpp">
      <Filter>src\core\vulkan\Renderer Backend Layer\Objects</Filter>
    </ClCompile>
    <ClCompile Include="src\core\vulkan\Renderer Backend Layer\Common\VulkanValidator.cpp">
      <Filter>src\core\vulkan\Renderer Backend Layer\Objects</Filter>
    </ClCompile>
    <ClCompile Include="src\core\vulkan\Renderer Backend Layer\Graphics\VulkanGraphicsOneTimeCommandBuffer.cpp">
      <Filter>src\core\vulkan\Renderer Backend Layer\Objects</Filter>
    </ClCompile>
    <ClCompile Include="src\core\vulkan\Renderer Backend Layer\VulkanPrefilteredCube.cpp" />
    <ClCompile Include="src\core\vulkan\Renderer Backend Layer\VulkanParticleSystem.cpp" />
  </ItemGroup>
  <ItemGroup>
    <None Include="ADGR.lua" />
    <None Include="src\core\vulkan\Renderer Backend Layer\External\stb_font_consolas_24_latin1.inl" />
    <None Include="src\core\vulkan\Renderer Backend Layer\Shaders\BRDF\vert.spv" />
    <None Include="src\core\vulkan\Renderer Backend Layer\Shaders\BRDF\shader.genbrdflut.vert" />
    <None Include="src\core\vulkan\Renderer Backend Layer\Shaders\BRDF\shader.genbrdflut.frag" />
    <None Include="src\core\vulkan\Renderer Backend Layer\Shaders\Irradiance\shader.vert" />
    <None Include="src\core\vulkan\Renderer Backend Layer\Shaders\Irradiance\shader.frag" />
    <None Include="src\core\vulkan\Renderer Backend Layer\Shaders\Irradiance\vert.spv" />
    <None Include="src\core\vulkan\Renderer Backend Layer\Shaders\Prefiltered\shader.vert" />
    <None Include="src\core\vulkan\Renderer Backend Layer\Shaders\Prefiltered\shader.frag" />
    <None Include="src\core\vulkan\Renderer Backend Layer\Shaders\Prefiltered\vert.spv" />
  </ItemGroup>
</Project>