<?xml version="1.0" encoding="utf-8"?>
<Project ToolsVersion="4.0" xmlns="http://schemas.microsoft.com/developer/msbuild/2003">
  <ItemGroup>
    <Filter Include="Platform">
      <UniqueIdentifier>{2AC788B4-1694-E3BF-3FAD-D1672BD9184E}</UniqueIdentifier>
    </Filter>
    <Filter Include="Platform\Windows">
      <UniqueIdentifier>{64FBD71A-50F4-F66C-7926-DCF1657ED678}</UniqueIdentifier>
    </Filter>
    <Filter Include="Platform\Windows\file">
      <UniqueIdentifier>{33F5DCE4-9F61-98DF-6855-303DD480BA47}</UniqueIdentifier>
    </Filter>
    <Filter Include="Platform\Windows\memory">
      <UniqueIdentifier>{6C8EFB9F-D8C5-4337-E1CF-A75A4D866A30}</UniqueIdentifier>
    </Filter>
    <Filter Include="Platform\Windows\resource">
      <UniqueIdentifier>{1B8A6238-874C-96C2-D0FC-244F3CFE6EA0}</UniqueIdentifier>
    </Filter>
  </ItemGroup>
  <ItemGroup>
    <ClInclude Include="..\..\src\Platform\Windows.h">
      <Filter>Platform</Filter>
    </ClInclude>
    <ClInclude Include="..\..\src\Platform\Windows\file\fileManager.h">
      <Filter>Platform\Windows\file</Filter>
    </ClInclude>
    <ClInclude Include="..\..\src\Platform\Windows\file\readFile.h">
      <Filter>Platform\Windows\file</Filter>
    </ClInclude>
    <ClInclude Include="..\..\src\Platform\Windows\memory\memoryManager.h">
      <Filter>Platform\Windows\memory</Filter>
    </ClInclude>
    <ClInclude Include="..\..\src\Platform\Windows\resource\imageLoader.h">
      <Filter>Platform\Windows\resource</Filter>
    </ClInclude>
    <ClInclude Include="..\..\src\Platform\Windows\resource\objectLoader.h">
      <Filter>Platform\Windows\resource</Filter>
    </ClInclude>
    <ClInclude Include="..\..\src\Platform\Windows\window.h">
      <Filter>Platform\Windows</Filter>
    </ClInclude>
    <ClInclude Include="..\..\src\mngafx.h" />
  </ItemGroup>
  <ItemGroup>
    <ClCompile Include="..\..\src\Platform\Windows\file\fileManager.cpp">
      <Filter>Platform\Windows\file</Filter>
    </ClCompile>
    <ClCompile Include="..\..\src\Platform\Windows\file\readFile.cpp">
      <Filter>Platform\Windows\file</Filter>
    </ClCompile>
    <ClCompile Include="..\..\src\Platform\Windows\memory\memoryManager.cpp">
      <Filter>Platform\Windows\memory</Filter>
    </ClCompile>
    <ClCompile Include="..\..\src\Platform\Windows\resource\imageLoader.cpp">
      <Filter>Platform\Windows\resource</Filter>
    </ClCompile>
    <ClCompile Include="..\..\src\Platform\Windows\resource\objectLoader.cpp">
      <Filter>Platform\Windows\resource</Filter>
    </ClCompile>
    <ClCompile Include="..\..\src\Platform\Windows\window.cpp">
      <Filter>Platform\Windows</Filter>
    </ClCompile>
    <ClCompile Include="..\..\src\mngafx.cpp" />
  </ItemGroup>
</Project>