<?xml version="1.0" encoding="utf-8"?>
<Project ToolsVersion="4.0" xmlns="http://schemas.microsoft.com/developer/msbuild/2003">
  <ItemGroup>
    <Filter Include="src">
      <UniqueIdentifier>{2DAB880B-99B4-887C-2230-9F7C8E38947C}</UniqueIdentifier>
    </Filter>
    <Filter Include="src\Platform">
      <UniqueIdentifier>{21CA02E5-0D2D-9289-B6B2-CA3FA2F45D0C}</UniqueIdentifier>
    </Filter>
    <Filter Include="src\Platform\Windows">
      <UniqueIdentifier>{5B054582-4794-CE4B-F0B2-E246DC20DFF1}</UniqueIdentifier>
    </Filter>
    <Filter Include="src\Platform\Windows\file">
      <UniqueIdentifier>{8AD10137-F693-35C1-3F44-C44DAB450E9F}</UniqueIdentifier>
    </Filter>
    <Filter Include="src\Platform\Windows\memory">
      <UniqueIdentifier>{83DCC80E-EFE9-F6F4-78D0-F2DFE4DCC2AB}</UniqueIdentifier>
    </Filter>
    <Filter Include="src\Platform\Windows\resource">
      <UniqueIdentifier>{F2B9BB8F-5ED2-A2B9-277F-325393563753}</UniqueIdentifier>
    </Filter>
    <Filter Include="src\Platform\Windows\thread">
      <UniqueIdentifier>{82D3551F-EEE0-8305-77C7-7FF0E3D34FBC}</UniqueIdentifier>
    </Filter>
  </ItemGroup>
  <ItemGroup>
    <ClInclude Include="src\Managers.h">
      <Filter>src</Filter>
    </ClInclude>
    <ClInclude Include="src\Platform\Windows.h">
      <Filter>src\Platform</Filter>
    </ClInclude>
    <ClInclude Include="src\Platform\Windows\file\daiFileManager.h">
      <Filter>src\Platform\Windows\file</Filter>
    </ClInclude>
    <ClInclude Include="src\Platform\Windows\file\duiFileManager.h">
      <Filter>src\Platform\Windows\file</Filter>
    </ClInclude>
    <ClInclude Include="src\Platform\Windows\file\fileManager.h">
      <Filter>src\Platform\Windows\file</Filter>
    </ClInclude>
    <ClInclude Include="src\Platform\Windows\file\readFile.h">
      <Filter>src\Platform\Windows\file</Filter>
    </ClInclude>
    <ClInclude Include="src\Platform\Windows\memory\Allocator.h">
      <Filter>src\Platform\Windows\memory</Filter>
    </ClInclude>
    <ClInclude Include="src\Platform\Windows\memory\doubleBufferedAllocator.h">
      <Filter>src\Platform\Windows\memory</Filter>
    </ClInclude>
    <ClInclude Include="src\Platform\Windows\memory\doubleBufferedPoolAllocator.h">
      <Filter>src\Platform\Windows\memory</Filter>
    </ClInclude>
    <ClInclude Include="src\Platform\Windows\memory\doubleBufferedStackAllocator.h">
      <Filter>src\Platform\Windows\memory</Filter>
    </ClInclude>
    <ClInclude Include="src\Platform\Windows\memory\memoryManager.h">
      <Filter>src\Platform\Windows\memory</Filter>
    </ClInclude>
    <ClInclude Include="src\Platform\Windows\memory\oneTimeAllocator.h">
      <Filter>src\Platform\Windows\memory</Filter>
    </ClInclude>
    <ClInclude Include="src\Platform\Windows\memory\poolAllocator.h">
      <Filter>src\Platform\Windows\memory</Filter>
    </ClInclude>
    <ClInclude Include="src\Platform\Windows\memory\stackAllocator.h">
      <Filter>src\Platform\Windows\memory</Filter>
    </ClInclude>
    <ClInclude Include="src\Platform\Windows\resource\imageLoader.h">
      <Filter>src\Platform\Windows\resource</Filter>
    </ClInclude>
    <ClInclude Include="src\Platform\Windows\resource\loadIcon.h">
      <Filter>src\Platform\Windows\resource</Filter>
    </ClInclude>
    <ClInclude Include="src\Platform\Windows\resource\modelManager.h">
      <Filter>src\Platform\Windows\resource</Filter>
    </ClInclude>
    <ClInclude Include="src\Platform\Windows\resource\objectLoader.h">
      <Filter>src\Platform\Windows\resource</Filter>
    </ClInclude>
    <ClInclude Include="src\Platform\Windows\thread\ExecutionHandle.h">
      <Filter>src\Platform\Windows\thread</Filter>
    </ClInclude>
    <ClInclude Include="src\Platform\Windows\thread\InternalThread.h">
      <Filter>src\Platform\Windows\thread</Filter>
    </ClInclude>
    <ClInclude Include="src\Platform\Windows\thread\Thread.h">
      <Filter>src\Platform\Windows\thread</Filter>
    </ClInclude>
    <ClInclude Include="src\Platform\Windows\thread\threadManager.h">
      <Filter>src\Platform\Windows\thread</Filter>
    </ClInclude>
    <ClInclude Include="src\Platform\Windows\window.h">
      <Filter>src\Platform\Windows</Filter>
    </ClInclude>
    <ClInclude Include="src\mngafx.h">
      <Filter>src</Filter>
    </ClInclude>
    <ClInclude Include="src\Platform\Windows\memory\StaticAllocator.h" />
    <ClInclude Include="src\Platform\Windows\memory\memoryFunctions.h" />
  </ItemGroup>
  <ItemGroup>
    <ClCompile Include="src\Platform\Windows\file\daiFileManager.cpp">
      <Filter>src\Platform\Windows\file</Filter>
    </ClCompile>
    <ClCompile Include="src\Platform\Windows\file\duiFileManager.cpp">
      <Filter>src\Platform\Windows\file</Filter>
    </ClCompile>
    <ClCompile Include="src\Platform\Windows\file\fileManager.cpp">
      <Filter>src\Platform\Windows\file</Filter>
    </ClCompile>
    <ClCompile Include="src\Platform\Windows\file\readFile.cpp">
      <Filter>src\Platform\Windows\file</Filter>
    </ClCompile>
    <ClCompile Include="src\Platform\Windows\memory\Allocator.cpp">
      <Filter>src\Platform\Windows\memory</Filter>
    </ClCompile>
    <ClCompile Include="src\Platform\Windows\memory\doubleBufferedAllocator.cpp">
      <Filter>src\Platform\Windows\memory</Filter>
    </ClCompile>
    <ClCompile Include="src\Platform\Windows\memory\doubleBufferedPoolAllocator.cpp">
      <Filter>src\Platform\Windows\memory</Filter>
    </ClCompile>
    <ClCompile Include="src\Platform\Windows\memory\doubleBufferedStackAllocator.cpp">
      <Filter>src\Platform\Windows\memory</Filter>
    </ClCompile>
    <ClCompile Include="src\Platform\Windows\memory\memoryManager.cpp">
      <Filter>src\Platform\Windows\memory</Filter>
    </ClCompile>
    <ClCompile Include="src\Platform\Windows\memory\oneTimeAllocator.cpp">
      <Filter>src\Platform\Windows\memory</Filter>
    </ClCompile>
    <ClCompile Include="src\Platform\Windows\memory\poolAllocator.cpp">
      <Filter>src\Platform\Windows\memory</Filter>
    </ClCompile>
    <ClCompile Include="src\Platform\Windows\memory\stackAllocator.cpp">
      <Filter>src\Platform\Windows\memory</Filter>
    </ClCompile>
    <ClCompile Include="src\Platform\Windows\resource\imageLoader.cpp">
      <Filter>src\Platform\Windows\resource</Filter>
    </ClCompile>
    <ClCompile Include="src\Platform\Windows\resource\loadIcon.cpp">
      <Filter>src\Platform\Windows\resource</Filter>
    </ClCompile>
    <ClCompile Include="src\Platform\Windows\resource\modelManager.cpp">
      <Filter>src\Platform\Windows\resource</Filter>
    </ClCompile>
    <ClCompile Include="src\Platform\Windows\resource\objectLoader.cpp">
      <Filter>src\Platform\Windows\resource</Filter>
    </ClCompile>
    <ClCompile Include="src\Platform\Windows\thread\ExecutionHandle.cpp">
      <Filter>src\Platform\Windows\thread</Filter>
    </ClCompile>
    <ClCompile Include="src\Platform\Windows\thread\InternalThread.cpp">
      <Filter>src\Platform\Windows\thread</Filter>
    </ClCompile>
    <ClCompile Include="src\Platform\Windows\thread\threadManager.cpp">
      <Filter>src\Platform\Windows\thread</Filter>
    </ClCompile>
    <ClCompile Include="src\Platform\Windows\window.cpp">
      <Filter>src\Platform\Windows</Filter>
    </ClCompile>
    <ClCompile Include="src\mngafx.cpp">
      <Filter>src</Filter>
    </ClCompile>
  </ItemGroup>
  <ItemGroup>
    <None Include="Managers.lua" />
  </ItemGroup>
</Project>