<?xml version="1.0" encoding="utf-8"?>
<Project ToolsVersion="4.0" xmlns="http://schemas.microsoft.com/developer/msbuild/2003">
  <ItemGroup>
    <Filter Include="GameLibraries">
      <UniqueIdentifier>{BC96F661-2857-7298-F191-BB155D11B774}</UniqueIdentifier>
    </Filter>
    <Filter Include="GameLibraries\GameObject">
      <UniqueIdentifier>{BC23F27B-A848-41FC-D193-268CBD17401A}</UniqueIdentifier>
    </Filter>
    <Filter Include="GameLibraries\Key Bindings">
      <UniqueIdentifier>{E247040A-CE57-B0DA-3711-15F923409F73}</UniqueIdentifier>
    </Filter>
    <Filter Include="src">
      <UniqueIdentifier>{2DAB880B-99B4-887C-2230-9F7C8E38947C}</UniqueIdentifier>
    </Filter>
    <Filter Include="src\core">
      <UniqueIdentifier>{C55F2ECF-B12C-89DA-DA45-7782C671BE68}</UniqueIdentifier>
    </Filter>
    <Filter Include="src\core\media">
      <UniqueIdentifier>{945D5A88-802B-4E8E-69BF-BEB4552C2AF3}</UniqueIdentifier>
    </Filter>
    <Filter Include="src\core\object mechanics">
      <UniqueIdentifier>{56F0F844-C2B2-2CCF-0B63-BB5B776405AD}</UniqueIdentifier>
    </Filter>
    <Filter Include="src\core\utils">
      <UniqueIdentifier>{0571F388-F13E-E78E-DAD2-57B5C63FC3F3}</UniqueIdentifier>
    </Filter>
    <Filter Include="src\core\utils\dataStructures">
      <UniqueIdentifier>{320DD582-9E25-BCAC-67D2-4B46D3A95046}</UniqueIdentifier>
    </Filter>
  </ItemGroup>
  <ItemGroup>
    <ClInclude Include="GameLibraries\GameObject\GameObject.h">
      <Filter>GameLibraries\GameObject</Filter>
    </ClInclude>
    <ClInclude Include="GameLibraries\Key Bindings\KeyBingings.h">
      <Filter>GameLibraries\Key Bindings</Filter>
    </ClInclude>
    <ClInclude Include="src\Dynamik.h">
      <Filter>src</Filter>
    </ClInclude>
    <ClInclude Include="src\core\application.h">
      <Filter>src\core</Filter>
    </ClInclude>
    <ClInclude Include="src\core\core.h">
      <Filter>src\core</Filter>
    </ClInclude>
    <ClInclude Include="src\core\object mechanics\loadGameObjects.h">
      <Filter>src\core\object mechanics</Filter>
    </ClInclude>
    <ClInclude Include="src\core\object mechanics\submitAsset.h">
      <Filter>src\core\object mechanics</Filter>
    </ClInclude>
    <ClInclude Include="src\core\utils\DMK_Descriptors.h">
      <Filter>src\core\utils</Filter>
    </ClInclude>
    <ClInclude Include="src\core\utils\DMK_Error.h">
      <Filter>src\core\utils</Filter>
    </ClInclude>
    <ClInclude Include="src\core\utils\DMK_Functions.h">
      <Filter>src\core\utils</Filter>
    </ClInclude>
    <ClInclude Include="src\core\utils\DMK_Math.h">
      <Filter>src\core\utils</Filter>
    </ClInclude>
    <ClInclude Include="src\core\utils\dataStructures\heap.h">
      <Filter>src\core\utils\dataStructures</Filter>
    </ClInclude>
    <ClInclude Include="src\core\utils\dataStructures\linkedLists.h">
      <Filter>src\core\utils\dataStructures</Filter>
    </ClInclude>
    <ClInclude Include="src\core\utils\safeLock.h">
      <Filter>src\core\utils</Filter>
    </ClInclude>
    <ClInclude Include="src\dmkafx.h">
      <Filter>src</Filter>
    </ClInclude>
  </ItemGroup>
  <ItemGroup>
    <ClCompile Include="src\core\application.cpp">
      <Filter>src\core</Filter>
    </ClCompile>
    <ClCompile Include="src\core\object mechanics\loadGameObjects.cpp">
      <Filter>src\core\object mechanics</Filter>
    </ClCompile>
    <ClCompile Include="src\core\utils\DMK_Functions.cpp">
      <Filter>src\core\utils</Filter>
    </ClCompile>
    <ClCompile Include="src\core\utils\DMK_Math.cpp">
      <Filter>src\core\utils</Filter>
    </ClCompile>
    <ClCompile Include="src\core\utils\dataStructures\heap.cpp">
      <Filter>src\core\utils\dataStructures</Filter>
    </ClCompile>
    <ClCompile Include="src\core\utils\dataStructures\linkedLists.cpp">
      <Filter>src\core\utils\dataStructures</Filter>
    </ClCompile>
    <ClCompile Include="src\core\utils\safeLock.cpp">
      <Filter>src\core\utils</Filter>
    </ClCompile>
    <ClCompile Include="src\dmkafx.cpp">
      <Filter>src</Filter>
    </ClCompile>
  </ItemGroup>
  <ItemGroup>
    <None Include="IMPORTANT.txt" />
    <None Include="architecture.txt" />
    <None Include="src\core\media\license.txt">
      <Filter>src\core\media</Filter>
    </None>
    <None Include="cpp.hint" />
  </ItemGroup>
</Project>